{
  "version": 4,
  "terraform_version": "1.5.6",
  "serial": 1516,
  "lineage": "815aa04c-d132-8727-3c5f-964573dc5439",
  "outputs": {
    "ami_id": {
      "value": "ami-041feb57c611358bd",
      "type": "string"
    },
    "cloudgoat_output_block_access_key_id": {
      "value": "AKIA4O2ICJQAT6FPEPBB",
      "type": "string"
    },
    "cloudgoat_output_block_secret_key": {
      "value": "ghIUMfAzk2Op2UexKjBzKofPDDSOQ6gzbWo4Aujp",
      "type": "string",
      "sensitive": true
    },
    "cloudgoat_output_instance_id": {
      "value": "i-07420264dc5e05d4c",
      "type": "string"
    },
    "cloudgoat_output_security_group_id": {
      "value": "sg-04f27d62c8476df73",
      "type": "string"
    },
    "cloudgoat_output_snapshot_id": {
      "value": "snap-0eb1c3363617c08dc",
      "type": "string"
    },
    "cloudgoat_output_username": {
      "value": "block",
      "type": "string"
    },
    "cloudgoat_output_volume_id": {
      "value": "vol-0f0278c9731230d6d",
      "type": "string"
    }
  },
  "resources": [
    {
      "mode": "data",
      "type": "aws_iam_policy_document",
      "name": "ssm_assume_role",
      "provider": "provider[\"registry.terraform.io/hashicorp/aws\"]",
      "instances": [
        {
          "schema_version": 0,
          "attributes": {
            "id": "557597258",
            "json": "{\n  \"Version\": \"2012-10-17\",\n  \"Statement\": [\n    {\n      \"Effect\": \"Allow\",\n      \"Action\": \"sts:AssumeRole\",\n      \"Principal\": {\n        \"Service\": [\n          \"ssm.amazonaws.com\",\n          \"ec2.amazonaws.com\"\n        ]\n      }\n    }\n  ]\n}",
            "override_policy_documents": null,
            "policy_id": null,
            "source_policy_documents": null,
            "statement": [
              {
                "actions": [
                  "sts:AssumeRole"
                ],
                "condition": [],
                "effect": "Allow",
                "not_actions": [],
                "not_principals": [],
                "not_resources": [],
                "principals": [
                  {
                    "identifiers": [
                      "ec2.amazonaws.com",
                      "ssm.amazonaws.com"
                    ],
                    "type": "Service"
                  }
                ],
                "resources": [],
                "sid": ""
              }
            ],
            "version": "2012-10-17"
          },
          "sensitive_attributes": []
        }
      ]
    },
    {
      "mode": "managed",
      "type": "aws_ebs_snapshot",
      "name": "example_snapshot",
      "provider": "provider[\"registry.terraform.io/hashicorp/aws\"]",
      "instances": [
        {
          "schema_version": 0,
          "attributes": {
            "arn": "arn:aws:ec2:us-east-1::snapshot/snap-0eb1c3363617c08dc",
            "data_encryption_key_id": "",
            "description": "",
            "encrypted": false,
            "id": "snap-0eb1c3363617c08dc",
            "kms_key_id": "",
            "outpost_arn": "",
            "owner_alias": "",
            "owner_id": "856460250113",
            "permanent_restore": null,
            "storage_tier": "standard",
            "tags": {
              "Name": "Hello IAM?"
            },
            "tags_all": {
              "Name": "Hello IAM?"
            },
            "temporary_restore_days": null,
            "timeouts": null,
            "volume_id": "vol-0893e5748b342ffb8",
            "volume_size": 1
          },
          "sensitive_attributes": [],
          "private": "eyJlMmJmYjczMC1lY2FhLTExZTYtOGY4OC0zNDM2M2JjN2M0YzAiOnsiY3JlYXRlIjo2MDAwMDAwMDAwMDAsImRlbGV0ZSI6NjAwMDAwMDAwMDAwfX0=",
          "dependencies": [
            "aws_ebs_volume.example_ebs_volume",
            "aws_iam_instance_profile.ec2_access_profile",
            "aws_iam_instance_profile.ec2_instance_profile_for_SSM",
            "aws_iam_role.ec2_access_role",
            "aws_iam_role.ssm_role",
            "aws_instance.ec2FORfree",
            "aws_instance.my_instance",
            "aws_key_pair.bob_key_pair",
            "aws_security_group.Couque_Dasse_sg",
            "aws_volume_attachment.ebs_att",
            "data.aws_iam_policy_document.ssm_assume_role"
          ]
        }
      ]
    },
    {
      "mode": "managed",
      "type": "aws_ebs_volume",
      "name": "example_ebs_volume",
      "provider": "provider[\"registry.terraform.io/hashicorp/aws\"]",
      "instances": [
        {
          "schema_version": 0,
          "attributes": {
            "arn": "arn:aws:ec2:us-east-1:856460250113:volume/vol-0893e5748b342ffb8",
            "availability_zone": "us-east-1a",
            "encrypted": false,
            "final_snapshot": false,
            "id": "vol-0893e5748b342ffb8",
            "iops": 100,
            "kms_key_id": "",
            "multi_attach_enabled": false,
            "outpost_arn": "",
            "size": 1,
            "snapshot_id": "",
            "tags": {
              "Name": "Hello IAM",
              "description": "There is no secret-string never"
            },
            "tags_all": {
              "Name": "Hello IAM",
              "description": "There is no secret-string never"
            },
            "throughput": 0,
            "timeouts": null,
            "type": "gp2"
          },
          "sensitive_attributes": [],
          "private": "eyJlMmJmYjczMC1lY2FhLTExZTYtOGY4OC0zNDM2M2JjN2M0YzAiOnsiY3JlYXRlIjozMDAwMDAwMDAwMDAsImRlbGV0ZSI6MzAwMDAwMDAwMDAwLCJ1cGRhdGUiOjMwMDAwMDAwMDAwMH19"
        }
      ]
    },
    {
      "mode": "managed",
      "type": "aws_iam_access_key",
      "name": "cg-block",
      "provider": "provider[\"registry.terraform.io/hashicorp/aws\"]",
      "instances": [
        {
          "schema_version": 0,
          "attributes": {
            "create_date": "2023-10-15T10:16:08Z",
            "encrypted_secret": null,
            "encrypted_ses_smtp_password_v4": null,
            "id": "AKIA4O2ICJQAT6FPEPBB",
            "key_fingerprint": null,
            "pgp_key": null,
            "secret": "ghIUMfAzk2Op2UexKjBzKofPDDSOQ6gzbWo4Aujp",
            "ses_smtp_password_v4": "BNaE2sYgS/pIeoWMNKFB/hyMX5+/FvLndqo0C4HzI1ze",
            "status": "Active",
            "user": "block"
          },
          "sensitive_attributes": [],
          "private": "bnVsbA==",
          "dependencies": [
            "aws_iam_user.cg-block"
          ]
        }
      ]
    },
    {
      "mode": "managed",
      "type": "aws_iam_access_key",
      "name": "cg-music",
      "provider": "provider[\"registry.terraform.io/hashicorp/aws\"]",
      "instances": [
        {
          "schema_version": 0,
          "attributes": {
            "create_date": "2023-10-15T10:16:08Z",
            "encrypted_secret": null,
            "encrypted_ses_smtp_password_v4": null,
            "id": "AKIA4O2ICJQAVRWF3HVQ",
            "key_fingerprint": null,
            "pgp_key": null,
            "secret": "1vzVM5KG45hianKxGpZZwEMfYYAVRG/UrqQy0VMh",
            "ses_smtp_password_v4": "BAY8X9OKs9gzn05vvXHlMXSW/Gswzga/YAzMjy84jbJO",
            "status": "Active",
            "user": "music"
          },
          "sensitive_attributes": [],
          "private": "bnVsbA==",
          "dependencies": [
            "aws_iam_user.cg-music"
          ]
        }
      ]
    },
    {
      "mode": "managed",
      "type": "aws_iam_instance_profile",
      "name": "ec2_access_profile",
      "provider": "provider[\"registry.terraform.io/hashicorp/aws\"]",
      "instances": [
        {
          "schema_version": 0,
          "attributes": {
            "arn": "arn:aws:iam::856460250113:instance-profile/awsIamEc2AccessProfile",
            "create_date": "2023-10-15T10:16:08Z",
            "id": "awsIamEc2AccessProfile",
            "name": "awsIamEc2AccessProfile",
            "name_prefix": "",
            "path": "/",
            "role": "ec2_access_role",
            "tags": null,
            "tags_all": {},
            "unique_id": "AIPA4O2ICJQA62BL5Y6FZ"
          },
          "sensitive_attributes": [],
          "private": "bnVsbA==",
          "dependencies": [
            "aws_iam_role.ec2_access_role"
          ]
        }
      ]
    },
    {
      "mode": "managed",
      "type": "aws_iam_instance_profile",
      "name": "ec2_instance_profile_for_SSM",
      "provider": "provider[\"registry.terraform.io/hashicorp/aws\"]",
      "instances": [
        {
          "schema_version": 0,
          "attributes": {
            "arn": "arn:aws:iam::856460250113:instance-profile/awsIAMInstanceProfileForSSM",
            "create_date": "2023-10-15T10:16:08Z",
            "id": "awsIAMInstanceProfileForSSM",
            "name": "awsIAMInstanceProfileForSSM",
            "name_prefix": "",
            "path": "/",
            "role": "ssm_role",
            "tags": null,
            "tags_all": {},
            "unique_id": "AIPA4O2ICJQAVDGQG4XKH"
          },
          "sensitive_attributes": [],
          "private": "bnVsbA==",
          "dependencies": [
            "aws_iam_role.ssm_role",
            "data.aws_iam_policy_document.ssm_assume_role"
          ]
        }
      ]
    },
    {
      "mode": "managed",
      "type": "aws_iam_policy",
      "name": "AdministratorAccess",
      "provider": "provider[\"registry.terraform.io/hashicorp/aws\"]",
      "instances": [
        {
          "schema_version": 0,
          "attributes": {
            "arn": "arn:aws:iam::856460250113:policy/AdministratorAccess",
            "description": "AdministratorAccess",
            "id": "arn:aws:iam::856460250113:policy/AdministratorAccess",
            "name": "AdministratorAccess",
            "name_prefix": "",
            "path": "/",
            "policy": "{\"Statement\":[{\"Action\":\"*\",\"Effect\":\"Allow\",\"Resource\":\"*\"}],\"Version\":\"2012-10-17\"}",
            "policy_id": "ANPA4O2ICJQAZ4MNZTOZ4",
            "tags": null,
            "tags_all": {}
          },
          "sensitive_attributes": [],
          "private": "bnVsbA=="
        }
      ]
    },
    {
      "mode": "managed",
      "type": "aws_iam_policy",
      "name": "ec2_creator",
      "provider": "provider[\"registry.terraform.io/hashicorp/aws\"]",
      "instances": [
        {
          "schema_version": 0,
          "attributes": {
            "arn": "arn:aws:iam::856460250113:policy/EC2CreatorPolicy",
            "description": "IAM policy for EC2 instance creation",
            "id": "arn:aws:iam::856460250113:policy/EC2CreatorPolicy",
            "name": "EC2CreatorPolicy",
            "name_prefix": "",
            "path": "/",
            "policy": "{\"Statement\":[{\"Action\":[\"ec2:RunInstances\",\"ec2:StartInstances\",\"ec2:StopInstances\",\"ec2:TerminateInstances\",\"ec2:CreateVolume\",\"ec2:CreateTags\",\"ec2:AttachVolume\",\"ec2:Describe*\",\"ssm:SendCommand\",\"ssm:ResumeSession\",\"ssm:TerminateSession\",\"ssm:StartSession\"],\"Effect\":\"Allow\",\"Resource\":\"*\"}],\"Version\":\"2012-10-17\"}",
            "policy_id": "ANPA4O2ICJQA5DELLS4LA",
            "tags": null,
            "tags_all": {}
          },
          "sensitive_attributes": [],
          "private": "bnVsbA=="
        }
      ]
    },
    {
      "mode": "managed",
      "type": "aws_iam_role",
      "name": "ec2_access_role",
      "provider": "provider[\"registry.terraform.io/hashicorp/aws\"]",
      "instances": [
        {
          "schema_version": 0,
          "attributes": {
            "arn": "arn:aws:iam::856460250113:role/ec2_access_role",
            "assume_role_policy": "{\"Statement\":[{\"Action\":\"sts:AssumeRole\",\"Effect\":\"Allow\",\"Principal\":{\"Service\":\"ec2.amazonaws.com\"}}],\"Version\":\"2012-10-17\"}",
            "create_date": "2023-10-15T10:16:07Z",
            "description": "",
            "force_detach_policies": false,
            "id": "ec2_access_role",
            "inline_policy": [],
            "managed_policy_arns": [],
            "max_session_duration": 3600,
            "name": "ec2_access_role",
            "name_prefix": "",
            "path": "/",
            "permissions_boundary": null,
            "tags": null,
            "tags_all": {},
            "unique_id": "AROA4O2ICJQATHZZ4EEPF"
          },
          "sensitive_attributes": [],
          "private": "bnVsbA==",
          "create_before_destroy": true
        }
      ]
    },
    {
      "mode": "managed",
      "type": "aws_iam_role",
      "name": "ssm_role",
      "provider": "provider[\"registry.terraform.io/hashicorp/aws\"]",
      "instances": [
        {
          "schema_version": 0,
          "attributes": {
            "arn": "arn:aws:iam::856460250113:role/ssm_role",
            "assume_role_policy": "{\"Statement\":[{\"Action\":\"sts:AssumeRole\",\"Effect\":\"Allow\",\"Principal\":{\"Service\":[\"ssm.amazonaws.com\",\"ec2.amazonaws.com\"]}}],\"Version\":\"2012-10-17\"}",
            "create_date": "2023-10-15T10:16:07Z",
            "description": "",
            "force_detach_policies": false,
            "id": "ssm_role",
            "inline_policy": [],
            "managed_policy_arns": [],
            "max_session_duration": 3600,
            "name": "ssm_role",
            "name_prefix": "",
            "path": "/",
            "permissions_boundary": null,
            "tags": null,
            "tags_all": {},
            "unique_id": "AROA4O2ICJQATTIF23Q2Q"
          },
          "sensitive_attributes": [],
          "private": "bnVsbA==",
          "dependencies": [
            "data.aws_iam_policy_document.ssm_assume_role"
          ]
        }
      ]
    },
    {
      "mode": "managed",
      "type": "aws_iam_role_policy_attachment",
      "name": "ssmNec2_attach",
      "provider": "provider[\"registry.terraform.io/hashicorp/aws\"]",
      "instances": [
        {
          "schema_version": 0,
          "attributes": {
            "id": "ssm_role-20231015101608762200000004",
            "policy_arn": "arn:aws:iam::aws:policy/AmazonSSMManagedInstanceCore",
            "role": "ssm_role"
          },
          "sensitive_attributes": [],
          "private": "bnVsbA==",
          "dependencies": [
            "aws_iam_role.ssm_role",
            "data.aws_iam_policy_document.ssm_assume_role"
          ]
        }
      ]
    },
    {
      "mode": "managed",
      "type": "aws_iam_user",
      "name": "cg-block",
      "provider": "provider[\"registry.terraform.io/hashicorp/aws\"]",
      "instances": [
        {
          "schema_version": 0,
          "attributes": {
            "arn": "arn:aws:iam::856460250113:user/block",
            "force_destroy": false,
            "id": "block",
            "name": "block",
            "path": "/",
            "permissions_boundary": null,
            "tags": {
              "Name": "cg-block-teamcgvtest",
              "Scenario": "ec2_sg_change",
              "Stack": "CloudGoat"
            },
            "tags_all": {
              "Name": "cg-block-teamcgvtest",
              "Scenario": "ec2_sg_change",
              "Stack": "CloudGoat"
            },
            "unique_id": "AIDA4O2ICJQATVLXNHVEB"
          },
          "sensitive_attributes": [],
          "private": "bnVsbA=="
        }
      ]
    },
    {
      "mode": "managed",
      "type": "aws_iam_user",
      "name": "cg-music",
      "provider": "provider[\"registry.terraform.io/hashicorp/aws\"]",
      "instances": [
        {
          "schema_version": 0,
          "attributes": {
            "arn": "arn:aws:iam::856460250113:user/music",
            "force_destroy": false,
            "id": "music",
            "name": "music",
            "path": "/",
            "permissions_boundary": null,
            "tags": {
              "Name": "cg-music-teamcgvtest",
              "Scenario": "ec2_sg_change",
              "Stack": "CloudGoat"
            },
            "tags_all": {
              "Name": "cg-music-teamcgvtest",
              "Scenario": "ec2_sg_change",
              "Stack": "CloudGoat"
            },
            "unique_id": "AIDA4O2ICJQA2PM7ZSUVE"
          },
          "sensitive_attributes": [],
          "private": "bnVsbA=="
        }
      ]
    },
    {
      "mode": "managed",
      "type": "aws_iam_user_policy_attachment",
      "name": "AdministratorAccessAttachment",
      "provider": "provider[\"registry.terraform.io/hashicorp/aws\"]",
      "instances": [
        {
          "schema_version": 0,
          "attributes": {
            "id": "music-20231015101608686500000003",
            "policy_arn": "arn:aws:iam::856460250113:policy/AdministratorAccess",
            "user": "music"
          },
          "sensitive_attributes": [],
          "private": "bnVsbA==",
          "dependencies": [
            "aws_iam_policy.AdministratorAccess",
            "aws_iam_user.cg-music"
          ]
        }
      ]
    },
    {
      "mode": "managed",
      "type": "aws_iam_user_policy_attachment",
      "name": "ec2_poclicy_attachment",
      "provider": "provider[\"registry.terraform.io/hashicorp/aws\"]",
      "instances": [
        {
          "schema_version": 0,
          "attributes": {
            "id": "block-20231015101608464700000002",
            "policy_arn": "arn:aws:iam::856460250113:policy/EC2CreatorPolicy",
            "user": "block"
          },
          "sensitive_attributes": [],
          "private": "bnVsbA==",
          "dependencies": [
            "aws_iam_policy.ec2_creator",
            "aws_iam_user.cg-block"
          ]
        }
      ]
    },
    {
      "mode": "managed",
      "type": "aws_instance",
      "name": "ec2FORfree",
      "provider": "provider[\"registry.terraform.io/hashicorp/aws\"]",
      "instances": [
        {
          "schema_version": 1,
          "attributes": {
            "ami": "ami-041feb57c611358bd",
            "arn": "arn:aws:ec2:us-east-1:856460250113:instance/i-0fd8e398b99d8cf15",
            "associate_public_ip_address": true,
            "availability_zone": "us-east-1a",
            "capacity_reservation_specification": [
              {
                "capacity_reservation_preference": "open",
                "capacity_reservation_target": []
              }
            ],
            "cpu_core_count": 1,
            "cpu_options": [
              {
                "amd_sev_snp": "",
                "core_count": 1,
                "threads_per_core": 1
              }
            ],
            "cpu_threads_per_core": 1,
            "credit_specification": [
              {
                "cpu_credits": "standard"
              }
            ],
            "disable_api_stop": false,
            "disable_api_termination": false,
            "ebs_block_device": [],
            "ebs_optimized": false,
            "enclave_options": [
              {
                "enabled": false
              }
            ],
            "ephemeral_block_device": [],
            "get_password_data": false,
            "hibernation": false,
            "host_id": "",
            "host_resource_group_arn": null,
            "iam_instance_profile": "awsIAMInstanceProfileForSSM",
            "id": "i-0fd8e398b99d8cf15",
            "instance_initiated_shutdown_behavior": "stop",
            "instance_lifecycle": "",
            "instance_market_options": [],
            "instance_state": "running",
            "instance_type": "t2.micro",
            "ipv6_address_count": 0,
            "ipv6_addresses": [],
            "key_name": "",
            "launch_template": [],
            "maintenance_options": [
              {
                "auto_recovery": "default"
              }
            ],
            "metadata_options": [
              {
                "http_endpoint": "enabled",
                "http_protocol_ipv6": "disabled",
                "http_put_response_hop_limit": 2,
                "http_tokens": "required",
                "instance_metadata_tags": "disabled"
              }
            ],
            "monitoring": false,
            "network_interface": [],
            "outpost_arn": "",
            "password_data": "",
            "placement_group": "",
            "placement_partition_number": 0,
            "primary_network_interface_id": "eni-00b58c03064400edb",
            "private_dns": "ip-172-31-31-79.ec2.internal",
            "private_dns_name_options": [
              {
                "enable_resource_name_dns_a_record": false,
                "enable_resource_name_dns_aaaa_record": false,
                "hostname_type": "ip-name"
              }
            ],
            "private_ip": "172.31.31.79",
            "public_dns": "ec2-3-94-116-57.compute-1.amazonaws.com",
            "public_ip": "3.94.116.57",
            "root_block_device": [
              {
                "delete_on_termination": true,
                "device_name": "/dev/xvda",
                "encrypted": false,
                "iops": 3000,
                "kms_key_id": "",
                "tags": {},
                "throughput": 125,
                "volume_id": "vol-0b1c5f930a49baf8d",
                "volume_size": 8,
                "volume_type": "gp3"
              }
            ],
            "secondary_private_ips": [],
            "security_groups": [
              "Couque_Dasse"
            ],
            "source_dest_check": true,
            "spot_instance_request_id": "",
            "subnet_id": "subnet-03f97c19f0675942a",
            "tags": null,
            "tags_all": {},
            "tenancy": "default",
            "timeouts": null,
            "user_data": "7ac0a449deb87e2337e3d08dee9cf50e1e4cceb1",
            "user_data_base64": null,
            "user_data_replace_on_change": false,
            "volume_tags": null,
            "vpc_security_group_ids": [
              "sg-04f27d62c8476df73"
            ]
          },
          "sensitive_attributes": [],
          "private": "eyJlMmJmYjczMC1lY2FhLTExZTYtOGY4OC0zNDM2M2JjN2M0YzAiOnsiY3JlYXRlIjo2MDAwMDAwMDAwMDAsImRlbGV0ZSI6MTIwMDAwMDAwMDAwMCwidXBkYXRlIjo2MDAwMDAwMDAwMDB9LCJzY2hlbWFfdmVyc2lvbiI6IjEifQ==",
          "dependencies": [
            "aws_ebs_volume.example_ebs_volume",
            "aws_iam_instance_profile.ec2_access_profile",
            "aws_iam_instance_profile.ec2_instance_profile_for_SSM",
            "aws_iam_role.ec2_access_role",
            "aws_iam_role.ssm_role",
            "aws_instance.my_instance",
            "aws_key_pair.bob_key_pair",
            "aws_security_group.Couque_Dasse_sg",
            "data.aws_iam_policy_document.ssm_assume_role"
          ]
        }
      ]
    },
    {
      "mode": "managed",
      "type": "aws_instance",
      "name": "my_instance",
      "provider": "provider[\"registry.terraform.io/hashicorp/aws\"]",
      "instances": [
        {
          "schema_version": 1,
          "attributes": {
            "ami": "ami-041feb57c611358bd",
            "arn": "arn:aws:ec2:us-east-1:856460250113:instance/i-07420264dc5e05d4c",
            "associate_public_ip_address": true,
            "availability_zone": "us-east-1a",
            "capacity_reservation_specification": [
              {
                "capacity_reservation_preference": "open",
                "capacity_reservation_target": []
              }
            ],
            "cpu_core_count": 1,
            "cpu_options": [
              {
                "amd_sev_snp": "",
                "core_count": 1,
                "threads_per_core": 1
              }
            ],
            "cpu_threads_per_core": 1,
            "credit_specification": [
              {
                "cpu_credits": "standard"
              }
            ],
            "disable_api_stop": false,
            "disable_api_termination": false,
            "ebs_block_device": [],
            "ebs_optimized": false,
            "enclave_options": [
              {
                "enabled": false
              }
            ],
            "ephemeral_block_device": [],
            "get_password_data": false,
            "hibernation": false,
            "host_id": "",
            "host_resource_group_arn": null,
            "iam_instance_profile": "awsIamEc2AccessProfile",
            "id": "i-07420264dc5e05d4c",
            "instance_initiated_shutdown_behavior": "stop",
            "instance_lifecycle": "",
            "instance_market_options": [],
            "instance_state": "running",
            "instance_type": "t2.micro",
            "ipv6_address_count": 0,
            "ipv6_addresses": [],
            "key_name": "bob_key_pair",
            "launch_template": [],
            "maintenance_options": [
              {
                "auto_recovery": "default"
              }
            ],
            "metadata_options": [
              {
                "http_endpoint": "enabled",
                "http_protocol_ipv6": "disabled",
                "http_put_response_hop_limit": 2,
                "http_tokens": "required",
                "instance_metadata_tags": "disabled"
              }
            ],
            "monitoring": false,
            "network_interface": [],
            "outpost_arn": "",
            "password_data": "",
            "placement_group": "",
            "placement_partition_number": 0,
            "primary_network_interface_id": "eni-0eec59f31649935ec",
            "private_dns": "ip-172-31-16-16.ec2.internal",
            "private_dns_name_options": [
              {
                "enable_resource_name_dns_a_record": false,
                "enable_resource_name_dns_aaaa_record": false,
                "hostname_type": "ip-name"
              }
            ],
            "private_ip": "172.31.16.16",
            "public_dns": "ec2-54-198-136-193.compute-1.amazonaws.com",
            "public_ip": "54.198.136.193",
            "root_block_device": [
              {
                "delete_on_termination": true,
                "device_name": "/dev/xvda",
                "encrypted": false,
                "iops": 3000,
                "kms_key_id": "",
                "tags": {},
                "throughput": 125,
                "volume_id": "vol-0f0278c9731230d6d",
                "volume_size": 8,
                "volume_type": "gp3"
              }
            ],
            "secondary_private_ips": [],
            "security_groups": [
              "Couque_Dasse"
            ],
            "source_dest_check": true,
            "spot_instance_request_id": "",
            "subnet_id": "subnet-03f97c19f0675942a",
            "tags": null,
            "tags_all": {},
            "tenancy": "default",
            "timeouts": null,
            "user_data": "66b62fc0070d7c25de09a7a92d0815359e9281ee",
            "user_data_base64": null,
            "user_data_replace_on_change": false,
            "volume_tags": null,
            "vpc_security_group_ids": [
              "sg-04f27d62c8476df73"
            ]
          },
          "sensitive_attributes": [],
          "private": "eyJlMmJmYjczMC1lY2FhLTExZTYtOGY4OC0zNDM2M2JjN2M0YzAiOnsiY3JlYXRlIjo2MDAwMDAwMDAwMDAsImRlbGV0ZSI6MTIwMDAwMDAwMDAwMCwidXBkYXRlIjo2MDAwMDAwMDAwMDB9LCJzY2hlbWFfdmVyc2lvbiI6IjEifQ==",
          "dependencies": [
            "aws_ebs_volume.example_ebs_volume",
            "aws_iam_instance_profile.ec2_access_profile",
            "aws_iam_role.ec2_access_role",
            "aws_key_pair.bob_key_pair",
            "aws_security_group.Couque_Dasse_sg"
          ]
        }
      ]
    },
    {
      "mode": "managed",
      "type": "aws_key_pair",
      "name": "bob_key_pair",
      "provider": "provider[\"registry.terraform.io/hashicorp/aws\"]",
      "instances": [
        {
          "schema_version": 1,
          "attributes": {
            "arn": "arn:aws:ec2:us-east-1:856460250113:key-pair/bob_key_pair",
            "fingerprint": "a5:88:fa:4a:71:84:06:d1:ed:90:89:51:57:d0:97:94",
            "id": "bob_key_pair",
            "key_name": "bob_key_pair",
            "key_name_prefix": "",
            "key_pair_id": "key-09257720fe08c1330",
            "key_type": "rsa",
            "public_key": "ssh-rsa AAAAB3NzaC1yc2EAAAADAQABAAABgQDVmnCcAUIInKD5IohFTXHsEX9sCu/cDoy48QoWwfic10iC36jLwr9VvbwMW+a9WNamNIGxsCYJg8spyOHr8VtlPVIpTGYjVOUE4cuIqbwjYKfd16bZ/4QdYi6Ecp12tMExfQnwSrVdaWbfsw8gEYVWqKg0EMJpEiLH534azRmZC/OKEpPLbYIbjcdCYaMcDa/xm15c8eFW8EUgDjxGXni/Jz6BlMmFqOssqERVuqdzqRV+vJYlI7Eg9e7uqM5dcn4um6dSDSwAFdWAsf99/bW+vqqZWqMuLK91wyA41OM+FZOZlNpWG4i7Lyh5ypV2WX+zHNRWKhqjekAQpmB9MvvbfVhWmZC0Ti7R/pGS4Gkt1weBOXJuGS6UrqSIJ+4RwAM4uzb0NglGJP7l79swsqgFUoKAqtMmJpDlnWriaxZwUxOLviKGXIErISSrxeWCzbLrL2sckqGPHsWdwJ64aINBcPUhlOlt3HnEOa9K8I1IPnsk3ez1pljtwEcRea6Jpkk= psh00@BOOK-K564PCFON1",
            "tags": null,
            "tags_all": {}
          },
          "sensitive_attributes": [],
          "private": "eyJzY2hlbWFfdmVyc2lvbiI6IjEifQ=="
        }
      ]
    },
    {
      "mode": "managed",
      "type": "aws_security_group",
      "name": "Couque_Dasse_sg",
      "provider": "provider[\"registry.terraform.io/hashicorp/aws\"]",
      "instances": [
        {
          "schema_version": 1,
          "attributes": {
            "arn": "arn:aws:ec2:us-east-1:856460250113:security-group/sg-04f27d62c8476df73",
            "description": "My Security Group",
            "egress": [
              {
                "cidr_blocks": [
                  "0.0.0.0/0"
                ],
                "description": "",
                "from_port": 0,
                "ipv6_cidr_blocks": [],
                "prefix_list_ids": [],
                "protocol": "-1",
                "security_groups": [],
                "self": false,
                "to_port": 0
              }
            ],
            "id": "sg-04f27d62c8476df73",
            "ingress": [
              {
                "cidr_blocks": [
                  "0.0.0.0/0"
                ],
                "description": "",
                "from_port": 22,
                "ipv6_cidr_blocks": [],
                "prefix_list_ids": [],
                "protocol": "tcp",
                "security_groups": [],
                "self": false,
                "to_port": 22
              },
              {
                "cidr_blocks": [
                  "0.0.0.0/0"
                ],
                "description": "",
                "from_port": 80,
                "ipv6_cidr_blocks": [],
                "prefix_list_ids": [],
                "protocol": "tcp",
                "security_groups": [],
                "self": false,
                "to_port": 80
              }
            ],
            "name": "Couque_Dasse",
            "name_prefix": "",
            "owner_id": "856460250113",
            "revoke_rules_on_delete": false,
            "tags": null,
            "tags_all": {},
            "timeouts": null,
            "vpc_id": "vpc-028686775fb9de28b"
          },
          "sensitive_attributes": [],
          "private": "eyJlMmJmYjczMC1lY2FhLTExZTYtOGY4OC0zNDM2M2JjN2M0YzAiOnsiY3JlYXRlIjo2MDAwMDAwMDAwMDAsImRlbGV0ZSI6OTAwMDAwMDAwMDAwfSwic2NoZW1hX3ZlcnNpb24iOiIxIn0=",
          "create_before_destroy": true
        }
      ]
    },
    {
      "mode": "managed",
      "type": "aws_volume_attachment",
      "name": "ebs_att",
      "provider": "provider[\"registry.terraform.io/hashicorp/aws\"]",
      "instances": [
        {
          "schema_version": 0,
          "attributes": {
            "device_name": "/dev/sdb",
            "force_detach": null,
            "id": "vai-1044206249",
            "instance_id": "i-07420264dc5e05d4c",
            "skip_destroy": null,
            "stop_instance_before_detaching": null,
            "timeouts": null,
            "volume_id": "vol-0893e5748b342ffb8"
          },
          "sensitive_attributes": [],
          "private": "eyJlMmJmYjczMC1lY2FhLTExZTYtOGY4OC0zNDM2M2JjN2M0YzAiOnsiY3JlYXRlIjozMDAwMDAwMDAwMDAsImRlbGV0ZSI6MzAwMDAwMDAwMDAwfX0=",
          "dependencies": [
            "aws_ebs_volume.example_ebs_volume",
            "aws_iam_instance_profile.ec2_access_profile",
            "aws_iam_role.ec2_access_role",
            "aws_instance.my_instance",
            "aws_key_pair.bob_key_pair",
            "aws_security_group.Couque_Dasse_sg"
          ]
        }
      ]
    }
  ],
  "check_results": null
}
