{
  "version": 4,
  "terraform_version": "1.6.1",
  "serial": 226,
  "lineage": "08623b17-43e0-c765-9a5f-b622737d69a9",
  "outputs": {
    "http_url": {
      "value": "https://git-codecommit.us-east-1.amazonaws.com/v1/repos/CC-Repo",
      "type": "string"
    }
  },
  "resources": [
    {
      "mode": "managed",
      "type": "aws_codecommit_repository",
      "name": "myrepo",
      "provider": "provider[\"registry.terraform.io/hashicorp/aws\"]",
      "instances": [
        {
          "schema_version": 0,
          "attributes": {
            "arn": "arn:aws:codecommit:us-east-1:856460250113:CC-Repo",
            "clone_url_http": "https://git-codecommit.us-east-1.amazonaws.com/v1/repos/CC-Repo",
            "clone_url_ssh": "ssh://git-codecommit.us-east-1.amazonaws.com/v1/repos/CC-Repo",
            "default_branch": "",
            "description": "This is the Sample App Repository",
            "id": "CC-Repo",
            "repository_id": "3ae822e5-407a-4ccf-a112-47ffb145ff54",
            "repository_name": "CC-Repo",
            "tags": null,
            "tags_all": {}
          },
          "sensitive_attributes": [],
          "private": "bnVsbA=="
        }
      ]
    },
    {
      "mode": "managed",
      "type": "aws_iam_access_key",
      "name": "cg-bob",
      "provider": "provider[\"registry.terraform.io/hashicorp/aws\"]",
      "instances": [
        {
          "schema_version": 0,
          "attributes": {
            "create_date": "2023-10-11T06:24:45Z",
            "encrypted_secret": null,
            "encrypted_ses_smtp_password_v4": null,
            "id": "AKIA4O2ICJQA2IHUY4Y6",
            "key_fingerprint": null,
            "pgp_key": null,
            "secret": "DWIK/SPgoOVQey2twI7xN7ysVKkZai9PYPqVoikW",
            "ses_smtp_password_v4": "BCVnE5WeQOGAl3YImWZ/wR0nRAcGxAP0LLM2ToEFOILY",
            "status": "Active",
            "user": "bob"
          },
          "sensitive_attributes": [],
          "private": "bnVsbA==",
          "dependencies": [
            "aws_iam_user.cg-bob"
          ]
        }
      ]
    },
    {
      "mode": "managed",
      "type": "aws_iam_access_key",
      "name": "cg-whoru",
      "provider": "provider[\"registry.terraform.io/hashicorp/aws\"]",
      "instances": [
        {
          "schema_version": 0,
          "attributes": {
            "create_date": "2023-10-11T06:24:45Z",
            "encrypted_secret": null,
            "encrypted_ses_smtp_password_v4": null,
            "id": "AKIA4O2ICJQAVPEE44GF",
            "key_fingerprint": null,
            "pgp_key": null,
            "secret": "o1tRpDfgowXX9dHqKAz/isid03ILnpTWed/hHsa5",
            "ses_smtp_password_v4": "BAUAhyv0Aa24HtZ88IB6DvPc3nJlxVa3GfnVPGgwt1j+",
            "status": "Active",
            "user": "whoru"
          },
          "sensitive_attributes": [],
          "private": "bnVsbA==",
          "dependencies": [
            "aws_iam_user.cg-whoru"
          ]
        }
      ]
    },
    {
      "mode": "managed",
      "type": "aws_iam_policy",
      "name": "AWSCodeCommitPowerUser",
      "provider": "provider[\"registry.terraform.io/hashicorp/aws\"]",
      "instances": [
        {
          "schema_version": 0,
          "attributes": {
            "arn": "arn:aws:iam::856460250113:policy/AWSCodeCommitPowerUser",
            "description": "AWS CodeCommit Power User Policy",
            "id": "arn:aws:iam::856460250113:policy/AWSCodeCommitPowerUser",
            "name": "AWSCodeCommitPowerUser",
            "name_prefix": "",
            "path": "/",
            "policy": "{\"Statement\":[{\"Action\":[\"codecommit:AssociateApprovalRuleTemplateWithRepository\",\"codecommit:BatchAssociateApprovalRuleTemplateWithRepositories\",\"codecommit:BatchDisassociateApprovalRuleTemplateFromRepositories\",\"codecommit:BatchGet*\",\"codecommit:BatchDescribe*\",\"codecommit:Create*\",\"codecommit:DeleteBranch\",\"codecommit:DeleteFile\",\"codecommit:Describe*\",\"codecommit:DisassociateApprovalRuleTemplateFromRepository\",\"codecommit:EvaluatePullRequestApprovalRules\",\"codecommit:Get*\",\"codecommit:List*\",\"codecommit:Merge*\",\"codecommit:OverridePullRequestApprovalRules\",\"codecommit:Put*\",\"codecommit:Post*\",\"codecommit:TagResource\",\"codecommit:Test*\",\"codecommit:UntagResource\",\"codecommit:Update*\",\"codecommit:GitPull\",\"codecommit:GitPush\"],\"Effect\":\"Allow\",\"Resource\":\"*\"},{\"Action\":[\"events:DeleteRule\",\"events:DescribeRule\",\"events:DisableRule\",\"events:EnableRule\",\"events:PutRule\",\"events:PutTargets\",\"events:RemoveTargets\",\"events:ListTargetsByRule\"],\"Effect\":\"Allow\",\"Resource\":\"arn:aws:events:*:*:rule/codecommit*\",\"Sid\":\"CloudWatchEventsCodeCommitRulesAccess\"},{\"Action\":[\"sns:Subscribe\",\"sns:Unsubscribe\"],\"Effect\":\"Allow\",\"Resource\":\"arn:aws:sns:*:*:codecommit*\",\"Sid\":\"SNSTopicAndSubscriptionAccess\"},{\"Action\":[\"sns:ListTopics\",\"sns:ListSubscriptionsByTopic\",\"sns:GetTopicAttributes\"],\"Effect\":\"Allow\",\"Resource\":\"*\",\"Sid\":\"SNSTopicAndSubscriptionReadAccess\"}],\"Version\":\"2012-10-17\"}",
            "policy_id": "ANPA4O2ICJQAUZVMPQZGV",
            "tags": null,
            "tags_all": {}
          },
          "sensitive_attributes": [],
          "private": "bnVsbA=="
        }
      ]
    },
    {
      "mode": "managed",
      "type": "aws_iam_policy",
      "name": "code_commit_basic_policy",
      "provider": "provider[\"registry.terraform.io/hashicorp/aws\"]",
      "instances": [
        {
          "schema_version": 0,
          "attributes": {
            "arn": "arn:aws:iam::856460250113:policy/code_commit_basic_policy",
            "description": "Basic CodeCommit policy",
            "id": "arn:aws:iam::856460250113:policy/code_commit_basic_policy",
            "name": "code_commit_basic_policy",
            "name_prefix": "",
            "path": "/",
            "policy": "{\"Statement\":[{\"Action\":[\"codecommit:GetBranch\",\"codecommit:GetCommit\",\"codecommit:GetDifferences\",\"codecommit:GetRepository\",\"codecommit:GetRepositoryTriggers\",\"codecommit:GitPull\",\"codecommit:GitPush\",\"codecommit:CreateBranch\",\"codecommit:ListBranches\",\"codecommit:ListRepositories\"],\"Effect\":\"Allow\",\"Resource\":\"*\"}],\"Version\":\"2012-10-17\"}",
            "policy_id": "ANPA4O2ICJQAY6XOYZ2VD",
            "tags": null,
            "tags_all": {}
          },
          "sensitive_attributes": [],
          "private": "bnVsbA=="
        }
      ]
    },
    {
      "mode": "managed",
      "type": "aws_iam_user",
      "name": "cg-bob",
      "provider": "provider[\"registry.terraform.io/hashicorp/aws\"]",
      "instances": [
        {
          "schema_version": 0,
          "attributes": {
            "arn": "arn:aws:iam::856460250113:user/bob",
            "force_destroy": false,
            "id": "bob",
            "name": "bob",
            "path": "/",
            "permissions_boundary": null,
            "tags": {
              "Name": "cg-bob-teamcgvtest",
              "Scenario": "ec2_sg_change",
              "Stack": "CloudGoat"
            },
            "tags_all": {
              "Name": "cg-bob-teamcgvtest",
              "Scenario": "ec2_sg_change",
              "Stack": "CloudGoat"
            },
            "unique_id": "AIDA4O2ICJQA3GHQOQPZV"
          },
          "sensitive_attributes": [],
          "private": "bnVsbA=="
        }
      ]
    },
    {
      "mode": "managed",
      "type": "aws_iam_user",
      "name": "cg-whoru",
      "provider": "provider[\"registry.terraform.io/hashicorp/aws\"]",
      "instances": [
        {
          "schema_version": 0,
          "attributes": {
            "arn": "arn:aws:iam::856460250113:user/whoru",
            "force_destroy": false,
            "id": "whoru",
            "name": "whoru",
            "path": "/",
            "permissions_boundary": null,
            "tags": {
              "Name": "whoru-teamcgvtest",
              "Scenario": "ec2_sg_change",
              "Stack": "CloudGoat"
            },
            "tags_all": {
              "Name": "whoru-teamcgvtest",
              "Scenario": "ec2_sg_change",
              "Stack": "CloudGoat"
            },
            "unique_id": "AIDA4O2ICJQAY3GD7MZLY"
          },
          "sensitive_attributes": [],
          "private": "bnVsbA=="
        }
      ]
    },
    {
      "mode": "managed",
      "type": "aws_iam_user_policy_attachment",
      "name": "AWSCodeCommitPowerUserAttachment",
      "provider": "provider[\"registry.terraform.io/hashicorp/aws\"]",
      "instances": [
        {
          "schema_version": 0,
          "attributes": {
            "id": "whoru-20231011061842836700000002",
            "policy_arn": "arn:aws:iam::856460250113:policy/AWSCodeCommitPowerUser",
            "user": "whoru"
          },
          "sensitive_attributes": [],
          "private": "bnVsbA==",
          "dependencies": [
            "aws_iam_policy.AWSCodeCommitPowerUser",
            "aws_iam_user.cg-whoru"
          ]
        }
      ]
    },
    {
      "mode": "managed",
      "type": "aws_iam_user_policy_attachment",
      "name": "code_commit_basic_attachment",
      "provider": "provider[\"registry.terraform.io/hashicorp/aws\"]",
      "instances": [
        {
          "schema_version": 0,
          "attributes": {
            "id": "bob-20231011061842627700000001",
            "policy_arn": "arn:aws:iam::856460250113:policy/code_commit_basic_policy",
            "user": "bob"
          },
          "sensitive_attributes": [],
          "private": "bnVsbA==",
          "dependencies": [
            "aws_iam_policy.code_commit_basic_policy",
            "aws_iam_user.cg-bob"
          ]
        }
      ]
    },
    {
      "mode": "managed",
      "type": "null_resource",
      "name": "execute_script",
      "provider": "provider[\"registry.terraform.io/hashicorp/null\"]",
      "instances": [
        {
          "schema_version": 0,
          "attributes": {
            "id": "6071358577673711909",
            "triggers": null
          },
          "sensitive_attributes": [],
          "dependencies": [
            "aws_codecommit_repository.myrepo"
          ]
        }
      ]
    }
  ],
  "check_results": null
}
