{
  "version": 4,
  "terraform_version": "1.5.6",
  "serial": 396,
  "lineage": "4246fdca-e5b9-4b4d-b88b-45852116baa7",
  "outputs": {
    "cg-glue-web-user-access_key": {
      "value": "AKIAVB5BDDCZQVH5BQQ7",
      "type": "string"
    },
    "cg-glue-web-user-secret_key": {
      "value": "kYhnxSG4uWz0q6dcGMaheybV2PfLyAl4ey6VUJtE",
      "type": "string",
      "sensitive": true
    },
    "cg_web_site_ip": {
      "value": "54.196.228.160",
      "type": "string"
    }
  },
  "resources": [
    {
      "mode": "data",
      "type": "archive_file",
      "name": "lambda",
      "provider": "provider[\"registry.terraform.io/hashicorp/archive\"]",
      "instances": [
        {
          "schema_version": 0,
          "attributes": {
            "exclude_symlink_directories": null,
            "excludes": null,
            "id": "ac04ad9b67f24762d8157fae6bb072891fca25ef",
            "output_base64sha256": "nVuDK7VT0xfj7t/L41SmVtDhA1YVJBGw/Ex8UHK3LWg=",
            "output_base64sha512": "nEVvKr3KqzREZj5w0eFkdRpwnfbt70qgutHm3mQIUJUDE/js03kd1S2gU6WROLSYp3Ql9A45HYNJyqjZuGaOIA==",
            "output_file_mode": null,
            "output_md5": "83b88cbb2e1281ac967c80f5ad81e6b3",
            "output_path": "./../assets/lambda_code.zip",
            "output_sha": "ac04ad9b67f24762d8157fae6bb072891fca25ef",
            "output_sha256": "9d5b832bb553d317e3eedfcbe354a656d0e10356152411b0fc4c7c5072b72d68",
            "output_sha512": "9c456f2abdcaab3444663e70d1e164751a709df6edef4aa0bad1e6de640850950313f8ecd3791dd52da053a59138b498a77425f40e391d8349caa8d9b8668e20",
            "output_size": 975,
            "source": [],
            "source_content": null,
            "source_content_filename": null,
            "source_dir": null,
            "source_file": "./../assets/s3_to_gluecatalog.py",
            "type": "zip"
          },
          "sensitive_attributes": []
        }
      ]
    },
    {
      "mode": "data",
      "type": "aws_iam_policy_document",
      "name": "ec2_profile_data",
      "provider": "provider[\"registry.terraform.io/hashicorp/aws\"]",
      "instances": [
        {
          "schema_version": 0,
          "attributes": {
            "id": "1443847869",
            "json": "{\n  \"Version\": \"2012-10-17\",\n  \"Statement\": [\n    {\n      \"Effect\": \"Allow\",\n      \"Action\": \"sts:AssumeRole\",\n      \"Principal\": {\n        \"Service\": \"ec2.amazonaws.com\"\n      }\n    }\n  ]\n}",
            "override_policy_documents": null,
            "policy_id": null,
            "source_policy_documents": null,
            "statement": [
              {
                "actions": [
                  "sts:AssumeRole"
                ],
                "condition": [],
                "effect": "Allow",
                "not_actions": [],
                "not_principals": [],
                "not_resources": [],
                "principals": [
                  {
                    "identifiers": [
                      "ec2.amazonaws.com"
                    ],
                    "type": "Service"
                  }
                ],
                "resources": [],
                "sid": ""
              }
            ],
            "version": "2012-10-17"
          },
          "sensitive_attributes": []
        }
      ]
    },
    {
      "mode": "data",
      "type": "local_file",
      "name": "csv_file",
      "provider": "provider[\"registry.terraform.io/hashicorp/local\"]",
      "instances": [
        {
          "schema_version": 0,
          "attributes": {
            "content": "order_date,item_id,price,country_code\r\n2023-10-05,K2631,48.9,DE\r\n2023-10-04,I6506,41.68,CA\r\n2023-10-17,H7462,93.08,DE\r\n2023-10-25,W8286,16.19,KR\r\n2023-10-31,S5542,64.67,AU\r\n2023-10-20,H0571,28.84,JP\r\n2023-10-25,E8458,32.86,CN\r\n2023-10-17,W5912,45.48,US\r\n2023-10-03,K2178,10.84,CN\r\n2023-10-02,Z2020,83.11,KR\r\n",
            "content_base64": "b3JkZXJfZGF0ZSxpdGVtX2lkLHByaWNlLGNvdW50cnlfY29kZQ0KMjAyMy0xMC0wNSxLMjYzMSw0OC45LERFDQoyMDIzLTEwLTA0LEk2NTA2LDQxLjY4LENBDQoyMDIzLTEwLTE3LEg3NDYyLDkzLjA4LERFDQoyMDIzLTEwLTI1LFc4Mjg2LDE2LjE5LEtSDQoyMDIzLTEwLTMxLFM1NTQyLDY0LjY3LEFVDQoyMDIzLTEwLTIwLEgwNTcxLDI4Ljg0LEpQDQoyMDIzLTEwLTI1LEU4NDU4LDMyLjg2LENODQoyMDIzLTEwLTE3LFc1OTEyLDQ1LjQ4LFVTDQoyMDIzLTEwLTAzLEsyMTc4LDEwLjg0LENODQoyMDIzLTEwLTAyLFoyMDIwLDgzLjExLEtSDQo=",
            "content_base64sha256": "xbHHPoK5CFvrby1al75mPIS+kFJFz+8CniTeIj37UXY=",
            "content_base64sha512": "4qWS7zUmnD/c2t8UlG5PpT33B+QQUxp1TMs9ApfmKjWYJLoZz9JrEwCEpkxV+SqONNCVa4x8mZpV9Aa4+qmv5A==",
            "content_md5": "874bbe76036d62cade9e0ecc520aa7c9",
            "content_sha1": "5cc6f7b55f7faf3770cfa0abd714553e5bfdf62d",
            "content_sha256": "c5b1c73e82b9085beb6f2d5a97be663c84be905245cfef029e24de223dfb5176",
            "content_sha512": "e2a592ef35269c3fdcdadf14946e4fa53df707e410531a754ccb3d0297e62a359824ba19cfd26b130084a64c55f92a8e34d0956b8c7c999a55f406b8faa9afe4",
            "filename": "../assets/order_data2.csv",
            "id": "5cc6f7b55f7faf3770cfa0abd714553e5bfdf62d"
          },
          "sensitive_attributes": []
        }
      ]
    },
    {
      "mode": "data",
      "type": "template_file",
      "name": "sql_template",
      "provider": "provider[\"registry.terraform.io/hashicorp/template\"]",
      "instances": [
        {
          "schema_version": 0,
          "attributes": {
            "filename": null,
            "id": "86b38e5e24c862b18461b109b4f4dac0c841bdf7b18421663c0bf0b744fb6cb0",
            "rendered": "-- SQL 파일 생성됨\r\n\r\n-- original_data 테이블 생성\r\nCREATE TABLE original_data (\r\n    order_date VARCHAR(255), -- 주문일자\r\n    item_id VARCHAR(255),\r\n    price NUMERIC,\r\n    country_code VARCHAR(50)\r\n);\r\n\r\n-- cc_data 테이블 생성\r\nCREATE TABLE cc_data (\r\n    country_code VARCHAR(255),\r\n    purchase_cnt INT, -- 구매 횟수\r\n    avg_price NUMERIC\r\n);\r\n\r\n-- 데이터 삽입\r\n%s\r\n",
            "template": "-- SQL 파일 생성됨\r\n\r\n-- original_data 테이블 생성\r\nCREATE TABLE original_data (\r\n    order_date VARCHAR(255), -- 주문일자\r\n    item_id VARCHAR(255),\r\n    price NUMERIC,\r\n    country_code VARCHAR(50)\r\n);\r\n\r\n-- cc_data 테이블 생성\r\nCREATE TABLE cc_data (\r\n    country_code VARCHAR(255),\r\n    purchase_cnt INT, -- 구매 횟수\r\n    avg_price NUMERIC\r\n);\r\n\r\n-- 데이터 삽입\r\n%s\r\n",
            "vars": {
              "insert_queries_default": "INSERT INTO original_data (order_date, item_id, price, country_code) VALUES ('2023-10-05', 'K2631', 48.9, 'DE');\nINSERT INTO original_data (order_date, item_id, price, country_code) VALUES ('2023-10-04', 'I6506', 41.68, 'CA');\nINSERT INTO original_data (order_date, item_id, price, country_code) VALUES ('2023-10-17', 'H7462', 93.08, 'DE');\nINSERT INTO original_data (order_date, item_id, price, country_code) VALUES ('2023-10-25', 'W8286', 16.19, 'KR');\nINSERT INTO original_data (order_date, item_id, price, country_code) VALUES ('2023-10-31', 'S5542', 64.67, 'AU');\nINSERT INTO original_data (order_date, item_id, price, country_code) VALUES ('2023-10-20', 'H0571', 28.84, 'JP');\nINSERT INTO original_data (order_date, item_id, price, country_code) VALUES ('2023-10-25', 'E8458', 32.86, 'CN');\nINSERT INTO original_data (order_date, item_id, price, country_code) VALUES ('2023-10-17', 'W5912', 45.48, 'US');\nINSERT INTO original_data (order_date, item_id, price, country_code) VALUES ('2023-10-03', 'K2178', 10.84, 'CN');\nINSERT INTO original_data (order_date, item_id, price, country_code) VALUES ('2023-10-02', 'Z2020', 83.11, 'KR');",
              "insert_queries_with_iam_keys": "INSERT INTO original_data (order_date, item_id, price, country_code) VALUES ('AKIAVB5BDDCZ2A5XZNW2', 'ZjVkBkM4izPTCvuBR4cE8u1FiI8YaBpWOJaEKRku', null, null);"
            }
          },
          "sensitive_attributes": [
            [
              {
                "type": "get_attr",
                "value": "vars"
              },
              {
                "type": "index",
                "value": {
                  "value": "insert_queries_with_iam_keys",
                  "type": "string"
                }
              }
            ]
          ]
        }
      ]
    },
    {
      "mode": "managed",
      "type": "aws_db_subnet_group",
      "name": "cg-rds-subnet-group",
      "provider": "provider[\"registry.terraform.io/hashicorp/aws\"]",
      "instances": [
        {
          "schema_version": 0,
          "attributes": {
            "arn": "arn:aws:rds:us-east-1:347693324467:subgrp:cg-rds-subnet-group-test",
            "description": "Managed by Terraform",
            "id": "cg-rds-subnet-group-test",
            "name": "cg-rds-subnet-group-test",
            "name_prefix": "",
            "subnet_ids": [
              "subnet-0bcd6a1a7c5349df2",
              "subnet-0ee86173a905e9c1f"
            ],
            "supported_network_types": [
              "IPV4"
            ],
            "tags": {
              "Name": "cg-rds-subnet-group-test"
            },
            "tags_all": {
              "Name": "cg-rds-subnet-group-test"
            },
            "vpc_id": "vpc-0a04c8a95014ce86a"
          },
          "sensitive_attributes": [],
          "private": "bnVsbA==",
          "dependencies": [
            "aws_subnet.cg-public-subnet-1",
            "aws_subnet.cg-public-subnet-2",
            "aws_vpc.cg-vpc"
          ]
        }
      ]
    },
    {
      "mode": "managed",
      "type": "aws_glue_connection",
      "name": "cg-glue-connection",
      "provider": "provider[\"registry.terraform.io/hashicorp/aws\"]",
      "instances": []
    },
    {
      "mode": "managed",
      "type": "aws_glue_job",
      "name": "cg-glue-job",
      "provider": "provider[\"registry.terraform.io/hashicorp/aws\"]",
      "instances": [
        {
          "schema_version": 0,
          "attributes": {
            "arn": "arn:aws:glue:us-east-1:347693324467:job/ETL_JOB",
            "command": [
              {
                "name": "ETL_JOB",
                "python_version": "",
                "runtime": "",
                "script_location": "../assets/ETL_JOB.py"
              }
            ],
            "connections": [
              "test-connections"
            ],
            "default_arguments": null,
            "description": "",
            "execution_class": "",
            "execution_property": [
              {
                "max_concurrent_runs": 1
              }
            ],
            "glue_version": "",
            "id": "ETL_JOB",
            "max_capacity": 10,
            "max_retries": 1,
            "name": "ETL_JOB",
            "non_overridable_arguments": null,
            "notification_property": [],
            "number_of_workers": 0,
            "role_arn": "arn:aws:iam::347693324467:role/glue_ETL_role",
            "security_configuration": "",
            "tags": null,
            "tags_all": {},
            "timeout": 60,
            "worker_type": ""
          },
          "sensitive_attributes": [],
          "private": "bnVsbA==",
          "dependencies": [
            "aws_iam_role.glue_ETL_role"
          ]
        }
      ]
    },
    {
      "mode": "managed",
      "type": "aws_iam_access_key",
      "name": "cg-glue-admin_access_key",
      "provider": "provider[\"registry.terraform.io/hashicorp/aws\"]",
      "instances": [
        {
          "schema_version": 0,
          "attributes": {
            "create_date": "2023-11-11T15:16:58Z",
            "encrypted_secret": null,
            "encrypted_ses_smtp_password_v4": null,
            "id": "AKIAVB5BDDCZ2A5XZNW2",
            "key_fingerprint": null,
            "pgp_key": null,
            "secret": "ZjVkBkM4izPTCvuBR4cE8u1FiI8YaBpWOJaEKRku",
            "ses_smtp_password_v4": "BJKT85epxFIhFnh6O+MytAWUtx8uIKsDHFo4ZV5XUz7N",
            "status": "Active",
            "user": "cg-glue-admin-test"
          },
          "sensitive_attributes": [],
          "private": "bnVsbA==",
          "dependencies": [
            "aws_iam_user.cg-glue-admin"
          ]
        }
      ]
    },
    {
      "mode": "managed",
      "type": "aws_iam_access_key",
      "name": "cg-run-app_access_key",
      "provider": "provider[\"registry.terraform.io/hashicorp/aws\"]",
      "instances": [
        {
          "schema_version": 0,
          "attributes": {
            "create_date": "2023-11-11T15:16:58Z",
            "encrypted_secret": null,
            "encrypted_ses_smtp_password_v4": null,
            "id": "AKIAVB5BDDCZQVH5BQQ7",
            "key_fingerprint": null,
            "pgp_key": null,
            "secret": "kYhnxSG4uWz0q6dcGMaheybV2PfLyAl4ey6VUJtE",
            "ses_smtp_password_v4": "BFNjCe66ZHU/fnUbEeuAIxdHU+65l07U6OZZVL2DE/Z+",
            "status": "Active",
            "user": "cg-run-app-test"
          },
          "sensitive_attributes": [],
          "private": "bnVsbA==",
          "dependencies": [
            "aws_iam_user.cg-run-app"
          ]
        }
      ]
    },
    {
      "mode": "managed",
      "type": "aws_iam_instance_profile",
      "name": "cg-ec2-instance-profile",
      "provider": "provider[\"registry.terraform.io/hashicorp/aws\"]",
      "instances": [
        {
          "schema_version": 0,
          "attributes": {
            "arn": "arn:aws:iam::347693324467:instance-profile/cg-Glue_Privesc-test-ecs-agent",
            "create_date": "2023-11-11T15:17:00Z",
            "id": "cg-Glue_Privesc-test-ecs-agent",
            "name": "cg-Glue_Privesc-test-ecs-agent",
            "name_prefix": "",
            "path": "/",
            "role": "cg-Glue_Privesc-test-ecs-agent",
            "tags": null,
            "tags_all": {},
            "unique_id": "AIPAVB5BDDCZ7NKN4QPEE"
          },
          "sensitive_attributes": [],
          "private": "bnVsbA==",
          "dependencies": [
            "aws_iam_role.ec2_profile_role",
            "data.aws_iam_policy_document.ec2_profile_data"
          ]
        }
      ]
    },
    {
      "mode": "managed",
      "type": "aws_iam_policy",
      "name": "s3_put_policy",
      "provider": "provider[\"registry.terraform.io/hashicorp/aws\"]",
      "instances": [
        {
          "schema_version": 0,
          "attributes": {
            "arn": "arn:aws:iam::347693324467:policy/s3_put_policy",
            "description": "",
            "id": "arn:aws:iam::347693324467:policy/s3_put_policy",
            "name": "s3_put_policy",
            "name_prefix": "",
            "path": "/",
            "policy": "{\"Statement\":[{\"Action\":[\"s3:PutObject\"],\"Effect\":\"Allow\",\"Resource\":\"*\"}],\"Version\":\"2012-10-17\"}",
            "policy_id": "ANPAVB5BDDCZ4VQDLXDDA",
            "tags": null,
            "tags_all": {}
          },
          "sensitive_attributes": [],
          "private": "bnVsbA=="
        }
      ]
    },
    {
      "mode": "managed",
      "type": "aws_iam_policy_attachment",
      "name": "user_RDS_full_access",
      "provider": "provider[\"registry.terraform.io/hashicorp/aws\"]",
      "instances": [
        {
          "schema_version": 0,
          "attributes": {
            "groups": null,
            "id": "GlueS3FullAccessAttachment",
            "name": "GlueS3FullAccessAttachment",
            "policy_arn": "arn:aws:iam::aws:policy/AmazonRDSFullAccess",
            "roles": [
              "glue_ETL_role"
            ],
            "users": [
              "cg-run-app-test"
            ]
          },
          "sensitive_attributes": [],
          "private": "bnVsbA==",
          "dependencies": [
            "aws_iam_user.cg-run-app"
          ]
        }
      ]
    },
    {
      "mode": "managed",
      "type": "aws_iam_role",
      "name": "ec2_profile_role",
      "provider": "provider[\"registry.terraform.io/hashicorp/aws\"]",
      "instances": [
        {
          "schema_version": 0,
          "attributes": {
            "arn": "arn:aws:iam::347693324467:role/cg-Glue_Privesc-test-ecs-agent",
            "assume_role_policy": "{\"Statement\":[{\"Action\":\"sts:AssumeRole\",\"Effect\":\"Allow\",\"Principal\":{\"Service\":\"ec2.amazonaws.com\"}}],\"Version\":\"2012-10-17\"}",
            "create_date": "2023-11-11T15:16:58Z",
            "description": "",
            "force_detach_policies": false,
            "id": "cg-Glue_Privesc-test-ecs-agent",
            "inline_policy": [],
            "managed_policy_arns": [],
            "max_session_duration": 3600,
            "name": "cg-Glue_Privesc-test-ecs-agent",
            "name_prefix": "",
            "path": "/",
            "permissions_boundary": "",
            "tags": null,
            "tags_all": {},
            "unique_id": "AROAVB5BDDCZWRAN4ZCB3"
          },
          "sensitive_attributes": [],
          "private": "bnVsbA==",
          "dependencies": [
            "data.aws_iam_policy_document.ec2_profile_data"
          ]
        }
      ]
    },
    {
      "mode": "managed",
      "type": "aws_iam_role",
      "name": "glue_ETL_role",
      "provider": "provider[\"registry.terraform.io/hashicorp/aws\"]",
      "instances": [
        {
          "schema_version": 0,
          "attributes": {
            "arn": "arn:aws:iam::347693324467:role/glue_ETL_role",
            "assume_role_policy": "{\"Statement\":[{\"Action\":\"sts:AssumeRole\",\"Effect\":\"Allow\",\"Principal\":{\"Service\":[\"rds.amazonaws.com\",\"glue.amazonaws.com\"]}}],\"Version\":\"2012-10-17\"}",
            "create_date": "2023-11-11T15:16:57Z",
            "description": "",
            "force_detach_policies": false,
            "id": "glue_ETL_role",
            "inline_policy": [],
            "managed_policy_arns": [],
            "max_session_duration": 3600,
            "name": "glue_ETL_role",
            "name_prefix": "",
            "path": "/",
            "permissions_boundary": "",
            "tags": null,
            "tags_all": {},
            "unique_id": "AROAVB5BDDCZSUYO3ZLFA"
          },
          "sensitive_attributes": [],
          "private": "bnVsbA=="
        }
      ]
    },
    {
      "mode": "managed",
      "type": "aws_iam_role",
      "name": "s3_to_gluecatalog_lambda_role",
      "provider": "provider[\"registry.terraform.io/hashicorp/aws\"]",
      "instances": [
        {
          "schema_version": 0,
          "attributes": {
            "arn": "arn:aws:iam::347693324467:role/s3_to_gluecatalog_lambda_role",
            "assume_role_policy": "{\"Statement\":[{\"Action\":\"sts:AssumeRole\",\"Effect\":\"Allow\",\"Principal\":{\"Service\":\"lambda.amazonaws.com\"}}],\"Version\":\"2012-10-17\"}",
            "create_date": "2023-11-11T15:16:58Z",
            "description": "",
            "force_detach_policies": false,
            "id": "s3_to_gluecatalog_lambda_role",
            "inline_policy": [],
            "managed_policy_arns": [],
            "max_session_duration": 3600,
            "name": "s3_to_gluecatalog_lambda_role",
            "name_prefix": "",
            "path": "/",
            "permissions_boundary": "",
            "tags": null,
            "tags_all": {},
            "unique_id": "AROAVB5BDDCZRYAJCWZFV"
          },
          "sensitive_attributes": [],
          "private": "bnVsbA=="
        }
      ]
    },
    {
      "mode": "managed",
      "type": "aws_iam_role",
      "name": "ssm_parameter_role",
      "provider": "provider[\"registry.terraform.io/hashicorp/aws\"]",
      "instances": [
        {
          "schema_version": 0,
          "attributes": {
            "arn": "arn:aws:iam::347693324467:role/ssm_parameter_role",
            "assume_role_policy": "{\"Statement\":[{\"Action\":\"sts:AssumeRole\",\"Effect\":\"Allow\",\"Principal\":{\"Service\":[\"glue.amazonaws.com\"]}}],\"Version\":\"2012-10-17\"}",
            "create_date": "2023-11-11T15:16:57Z",
            "description": "",
            "force_detach_policies": false,
            "id": "ssm_parameter_role",
            "inline_policy": [],
            "managed_policy_arns": [],
            "max_session_duration": 3600,
            "name": "ssm_parameter_role",
            "name_prefix": "",
            "path": "/",
            "permissions_boundary": "",
            "tags": null,
            "tags_all": {},
            "unique_id": "AROAVB5BDDCZUGVJFKO4R"
          },
          "sensitive_attributes": [],
          "private": "bnVsbA=="
        }
      ]
    },
    {
      "mode": "managed",
      "type": "aws_iam_role_policy_attachment",
      "name": "glue_ETL_role_policies",
      "provider": "provider[\"registry.terraform.io/hashicorp/aws\"]",
      "instances": [
        {
          "index_key": "arn:aws:iam::aws:policy/AWSGlueConsoleFullAccess",
          "schema_version": 0,
          "attributes": {
            "id": "glue_ETL_role-20231111151659156400000002",
            "policy_arn": "arn:aws:iam::aws:policy/AWSGlueConsoleFullAccess",
            "role": "glue_ETL_role"
          },
          "sensitive_attributes": [],
          "private": "bnVsbA==",
          "dependencies": [
            "aws_iam_role.glue_ETL_role"
          ]
        },
        {
          "index_key": "arn:aws:iam::aws:policy/AmazonRDSFullAccess",
          "schema_version": 0,
          "attributes": {
            "id": "glue_ETL_role-20231111151659016200000001",
            "policy_arn": "arn:aws:iam::aws:policy/AmazonRDSFullAccess",
            "role": "glue_ETL_role"
          },
          "sensitive_attributes": [],
          "private": "bnVsbA==",
          "dependencies": [
            "aws_iam_role.glue_ETL_role"
          ]
        },
        {
          "index_key": "arn:aws:iam::aws:policy/AmazonS3FullAccess",
          "schema_version": 0,
          "attributes": {
            "id": "glue_ETL_role-20231111151659223500000003",
            "policy_arn": "arn:aws:iam::aws:policy/AmazonS3FullAccess",
            "role": "glue_ETL_role"
          },
          "sensitive_attributes": [],
          "private": "bnVsbA==",
          "dependencies": [
            "aws_iam_role.glue_ETL_role"
          ]
        },
        {
          "index_key": "arn:aws:iam::aws:policy/service-role/AWSGlueServiceRole",
          "schema_version": 0,
          "attributes": {
            "id": "glue_ETL_role-20231111151659468100000004",
            "policy_arn": "arn:aws:iam::aws:policy/service-role/AWSGlueServiceRole",
            "role": "glue_ETL_role"
          },
          "sensitive_attributes": [],
          "private": "bnVsbA==",
          "dependencies": [
            "aws_iam_role.glue_ETL_role"
          ]
        }
      ]
    },
    {
      "mode": "managed",
      "type": "aws_iam_role_policy_attachment",
      "name": "s3_to_gluecatalog_lambda_role_policies",
      "provider": "provider[\"registry.terraform.io/hashicorp/aws\"]",
      "instances": [
        {
          "index_key": "arn:aws:iam::aws:policy/AWSGlueConsoleFullAccess",
          "schema_version": 0,
          "attributes": {
            "id": "s3_to_gluecatalog_lambda_role-20231111151659721800000008",
            "policy_arn": "arn:aws:iam::aws:policy/AWSGlueConsoleFullAccess",
            "role": "s3_to_gluecatalog_lambda_role"
          },
          "sensitive_attributes": [],
          "private": "bnVsbA==",
          "dependencies": [
            "aws_iam_role.s3_to_gluecatalog_lambda_role"
          ]
        },
        {
          "index_key": "arn:aws:iam::aws:policy/AmazonS3FullAccess",
          "schema_version": 0,
          "attributes": {
            "id": "s3_to_gluecatalog_lambda_role-20231111151659570600000007",
            "policy_arn": "arn:aws:iam::aws:policy/AmazonS3FullAccess",
            "role": "s3_to_gluecatalog_lambda_role"
          },
          "sensitive_attributes": [],
          "private": "bnVsbA==",
          "dependencies": [
            "aws_iam_role.s3_to_gluecatalog_lambda_role"
          ]
        }
      ]
    },
    {
      "mode": "managed",
      "type": "aws_iam_role_policy_attachment",
      "name": "ssm_parameter_role_policies",
      "provider": "provider[\"registry.terraform.io/hashicorp/aws\"]",
      "instances": [
        {
          "index_key": "arn:aws:iam::aws:policy/AmazonS3FullAccess",
          "schema_version": 0,
          "attributes": {
            "id": "ssm_parameter_role-20231111151659487700000005",
            "policy_arn": "arn:aws:iam::aws:policy/AmazonS3FullAccess",
            "role": "ssm_parameter_role"
          },
          "sensitive_attributes": [],
          "private": "bnVsbA==",
          "dependencies": [
            "aws_iam_role.ssm_parameter_role"
          ]
        },
        {
          "index_key": "arn:aws:iam::aws:policy/AmazonSSMFullAccess",
          "schema_version": 0,
          "attributes": {
            "id": "ssm_parameter_role-20231111151659565400000006",
            "policy_arn": "arn:aws:iam::aws:policy/AmazonSSMFullAccess",
            "role": "ssm_parameter_role"
          },
          "sensitive_attributes": [],
          "private": "bnVsbA==",
          "dependencies": [
            "aws_iam_role.ssm_parameter_role"
          ]
        }
      ]
    },
    {
      "mode": "managed",
      "type": "aws_iam_user",
      "name": "cg-glue-admin",
      "provider": "provider[\"registry.terraform.io/hashicorp/aws\"]",
      "instances": [
        {
          "schema_version": 0,
          "attributes": {
            "arn": "arn:aws:iam::347693324467:user/cg-glue-admin-test",
            "force_destroy": false,
            "id": "cg-glue-admin-test",
            "name": "cg-glue-admin-test",
            "path": "/",
            "permissions_boundary": "",
            "tags": {
              "Name": "cg-glue-admin-test",
              "Scenario": "Glue_Privesc",
              "Stack": "CloudGoat"
            },
            "tags_all": {
              "Name": "cg-glue-admin-test",
              "Scenario": "Glue_Privesc",
              "Stack": "CloudGoat"
            },
            "unique_id": "AIDAVB5BDDCZXEXAF62JQ"
          },
          "sensitive_attributes": [],
          "private": "bnVsbA=="
        }
      ]
    },
    {
      "mode": "managed",
      "type": "aws_iam_user",
      "name": "cg-run-app",
      "provider": "provider[\"registry.terraform.io/hashicorp/aws\"]",
      "instances": [
        {
          "schema_version": 0,
          "attributes": {
            "arn": "arn:aws:iam::347693324467:user/cg-run-app-test",
            "force_destroy": false,
            "id": "cg-run-app-test",
            "name": "cg-run-app-test",
            "path": "/",
            "permissions_boundary": "",
            "tags": {
              "Name": "cg-run-app-test",
              "Scenario": "Glue_Privesc",
              "Stack": "CloudGoat"
            },
            "tags_all": {
              "Name": "cg-run-app-test",
              "Scenario": "Glue_Privesc",
              "Stack": "CloudGoat"
            },
            "unique_id": "AIDAVB5BDDCZZX7DU63NA"
          },
          "sensitive_attributes": [],
          "private": "bnVsbA=="
        }
      ]
    },
    {
      "mode": "managed",
      "type": "aws_iam_user_policy",
      "name": "glue_management_policy",
      "provider": "provider[\"registry.terraform.io/hashicorp/aws\"]",
      "instances": [
        {
          "schema_version": 0,
          "attributes": {
            "id": "cg-glue-admin-test:glue_management_policy",
            "name": "glue_management_policy",
            "name_prefix": "",
            "policy": "{\"Version\":\"2012-10-17\",\"Statement\":[{\"Action\":[\"glue:CreateJob\",\"iam:PassRole\",\"iam:Get*\",\"iam:List*\",\"glue:CreateTrigger\",\"glue:StartJobRun\",\"glue:UpdateJob\"],\"Effect\":\"Allow\",\"Resource\":\"*\",\"Sid\":\"VisualEditor0\"},{\"Action\":\"s3:ListBucket\",\"Effect\":\"Allow\",\"Resource\":\"arn:aws:s3:::test-glue-scenario2\",\"Sid\":\"VisualEditor1\"}]}",
            "user": "cg-glue-admin-test"
          },
          "sensitive_attributes": [],
          "private": "bnVsbA==",
          "dependencies": [
            "aws_iam_user.cg-glue-admin"
          ]
        }
      ]
    },
    {
      "mode": "managed",
      "type": "aws_instance",
      "name": "cg-ubuntu-ec2",
      "provider": "provider[\"registry.terraform.io/hashicorp/aws\"]",
      "instances": [
        {
          "schema_version": 1,
          "attributes": {
            "ami": "ami-05c13eab67c5d8861",
            "arn": "arn:aws:ec2:us-east-1:347693324467:instance/i-03a61a39dbcceb450",
            "associate_public_ip_address": true,
            "availability_zone": "us-east-1a",
            "capacity_reservation_specification": [
              {
                "capacity_reservation_preference": "open",
                "capacity_reservation_target": []
              }
            ],
            "cpu_core_count": 1,
            "cpu_options": [
              {
                "amd_sev_snp": "",
                "core_count": 1,
                "threads_per_core": 1
              }
            ],
            "cpu_threads_per_core": 1,
            "credit_specification": [
              {
                "cpu_credits": "standard"
              }
            ],
            "disable_api_stop": false,
            "disable_api_termination": false,
            "ebs_block_device": [],
            "ebs_optimized": false,
            "enclave_options": [
              {
                "enabled": false
              }
            ],
            "ephemeral_block_device": [],
            "get_password_data": false,
            "hibernation": false,
            "host_id": "",
            "host_resource_group_arn": null,
            "iam_instance_profile": "cg-Glue_Privesc-test-ecs-agent",
            "id": "i-03a61a39dbcceb450",
            "instance_initiated_shutdown_behavior": "stop",
            "instance_lifecycle": "",
            "instance_market_options": [],
            "instance_state": "running",
            "instance_type": "t2.micro",
            "ipv6_address_count": 0,
            "ipv6_addresses": [],
            "key_name": "cg-ec2-key-pair-test",
            "launch_template": [],
            "maintenance_options": [
              {
                "auto_recovery": "default"
              }
            ],
            "metadata_options": [
              {
                "http_endpoint": "enabled",
                "http_protocol_ipv6": "disabled",
                "http_put_response_hop_limit": 2,
                "http_tokens": "required",
                "instance_metadata_tags": "disabled"
              }
            ],
            "monitoring": false,
            "network_interface": [],
            "outpost_arn": "",
            "password_data": "",
            "placement_group": "",
            "placement_partition_number": 0,
            "primary_network_interface_id": "eni-089b278c5488a4231",
            "private_dns": "ip-10-10-10-125.ec2.internal",
            "private_dns_name_options": [
              {
                "enable_resource_name_dns_a_record": false,
                "enable_resource_name_dns_aaaa_record": false,
                "hostname_type": "ip-name"
              }
            ],
            "private_ip": "10.10.10.125",
            "public_dns": "ec2-54-196-228-160.compute-1.amazonaws.com",
            "public_ip": "54.196.228.160",
            "root_block_device": [
              {
                "delete_on_termination": true,
                "device_name": "/dev/xvda",
                "encrypted": false,
                "iops": 3000,
                "kms_key_id": "",
                "tags": null,
                "throughput": 125,
                "volume_id": "vol-005349b7737e190c5",
                "volume_size": 8,
                "volume_type": "gp3"
              }
            ],
            "secondary_private_ips": [],
            "security_groups": [],
            "source_dest_check": true,
            "spot_instance_request_id": "",
            "subnet_id": "subnet-0ee86173a905e9c1f",
            "tags": {
              "Name": "cg-linux-ec2-test",
              "Scenario": "Glue_Privesc",
              "Stack": "CloudGoat"
            },
            "tags_all": {
              "Name": "cg-linux-ec2-test",
              "Scenario": "Glue_Privesc",
              "Stack": "CloudGoat"
            },
            "tenancy": "default",
            "timeouts": null,
            "user_data": "c8e4dd2764d2856ccf96b4aefd980a38fa201bc1",
            "user_data_base64": null,
            "user_data_replace_on_change": false,
            "volume_tags": {
              "Name": "CloudGoat test EC2 Instance Root Device",
              "Scenario": "Glue_Privesc",
              "Stack": "CloudGoat"
            },
            "vpc_security_group_ids": [
              "sg-05a521da1bed3c09f"
            ]
          },
          "sensitive_attributes": [
            [
              {
                "type": "get_attr",
                "value": "user_data"
              }
            ]
          ],
          "private": "eyJlMmJmYjczMC1lY2FhLTExZTYtOGY4OC0zNDM2M2JjN2M0YzAiOnsiY3JlYXRlIjo2MDAwMDAwMDAwMDAsImRlbGV0ZSI6MTIwMDAwMDAwMDAwMCwidXBkYXRlIjo2MDAwMDAwMDAwMDB9LCJzY2hlbWFfdmVyc2lvbiI6IjEifQ==",
          "dependencies": [
            "aws_iam_access_key.cg-run-app_access_key",
            "aws_iam_instance_profile.cg-ec2-instance-profile",
            "aws_iam_role.ec2_profile_role",
            "aws_iam_user.cg-run-app",
            "aws_key_pair.bob-ec2-key-pair",
            "aws_security_group.cg-rds-glue-security-group",
            "aws_subnet.cg-public-subnet-1",
            "aws_vpc.cg-vpc",
            "data.aws_iam_policy_document.ec2_profile_data"
          ]
        }
      ]
    },
    {
      "mode": "managed",
      "type": "aws_internet_gateway",
      "name": "cg-internet-gateway",
      "provider": "provider[\"registry.terraform.io/hashicorp/aws\"]",
      "instances": [
        {
          "schema_version": 0,
          "attributes": {
            "arn": "arn:aws:ec2:us-east-1:347693324467:internet-gateway/igw-02b5fae68474dbd9d",
            "id": "igw-02b5fae68474dbd9d",
            "owner_id": "347693324467",
            "tags": {
              "Name": "CloudGoat test Internet Gateway",
              "Scenario": "Glue_Privesc",
              "Stack": "CloudGoat"
            },
            "tags_all": {
              "Name": "CloudGoat test Internet Gateway",
              "Scenario": "Glue_Privesc",
              "Stack": "CloudGoat"
            },
            "timeouts": null,
            "vpc_id": "vpc-0a04c8a95014ce86a"
          },
          "sensitive_attributes": [],
          "private": "eyJlMmJmYjczMC1lY2FhLTExZTYtOGY4OC0zNDM2M2JjN2M0YzAiOnsiY3JlYXRlIjoxMjAwMDAwMDAwMDAwLCJkZWxldGUiOjEyMDAwMDAwMDAwMDAsInVwZGF0ZSI6MTIwMDAwMDAwMDAwMH19",
          "dependencies": [
            "aws_vpc.cg-vpc"
          ]
        }
      ]
    },
    {
      "mode": "managed",
      "type": "aws_key_pair",
      "name": "bob-ec2-key-pair",
      "provider": "provider[\"registry.terraform.io/hashicorp/aws\"]",
      "instances": [
        {
          "schema_version": 1,
          "attributes": {
            "arn": "arn:aws:ec2:us-east-1:347693324467:key-pair/cg-ec2-key-pair-test",
            "fingerprint": "a5:88:fa:4a:71:84:06:d1:ed:90:89:51:57:d0:97:94",
            "id": "cg-ec2-key-pair-test",
            "key_name": "cg-ec2-key-pair-test",
            "key_name_prefix": "",
            "key_pair_id": "key-0052f06f38555b851",
            "key_type": "rsa",
            "public_key": "ssh-rsa AAAAB3NzaC1yc2EAAAADAQABAAABgQDVmnCcAUIInKD5IohFTXHsEX9sCu/cDoy48QoWwfic10iC36jLwr9VvbwMW+a9WNamNIGxsCYJg8spyOHr8VtlPVIpTGYjVOUE4cuIqbwjYKfd16bZ/4QdYi6Ecp12tMExfQnwSrVdaWbfsw8gEYVWqKg0EMJpEiLH534azRmZC/OKEpPLbYIbjcdCYaMcDa/xm15c8eFW8EUgDjxGXni/Jz6BlMmFqOssqERVuqdzqRV+vJYlI7Eg9e7uqM5dcn4um6dSDSwAFdWAsf99/bW+vqqZWqMuLK91wyA41OM+FZOZlNpWG4i7Lyh5ypV2WX+zHNRWKhqjekAQpmB9MvvbfVhWmZC0Ti7R/pGS4Gkt1weBOXJuGS6UrqSIJ+4RwAM4uzb0NglGJP7l79swsqgFUoKAqtMmJpDlnWriaxZwUxOLviKGXIErISSrxeWCzbLrL2sckqGPHsWdwJ64aINBcPUhlOlt3HnEOa9K8I1IPnsk3ez1pljtwEcRea6Jpkk= psh00@BOOK-K564PCFON1",
            "tags": null,
            "tags_all": {}
          },
          "sensitive_attributes": [],
          "private": "eyJzY2hlbWFfdmVyc2lvbiI6IjEifQ=="
        }
      ]
    },
    {
      "mode": "managed",
      "type": "aws_lambda_function",
      "name": "s3_to_gluecatalog",
      "provider": "provider[\"registry.terraform.io/hashicorp/aws\"]",
      "instances": [
        {
          "schema_version": 0,
          "attributes": {
            "architectures": [
              "x86_64"
            ],
            "arn": "arn:aws:lambda:us-east-1:347693324467:function:s3_to_glue_catalogcode",
            "code_signing_config_arn": "",
            "dead_letter_config": [],
            "description": "",
            "environment": [],
            "ephemeral_storage": [
              {
                "size": 512
              }
            ],
            "file_system_config": [],
            "filename": "./../assets/lambda_code.zip",
            "function_name": "s3_to_glue_catalogcode",
            "handler": "lambda_function.lambda_handler",
            "id": "s3_to_glue_catalogcode",
            "image_config": [],
            "image_uri": "",
            "invoke_arn": "arn:aws:apigateway:us-east-1:lambda:path/2015-03-31/functions/arn:aws:lambda:us-east-1:347693324467:function:s3_to_glue_catalogcode/invocations",
            "kms_key_arn": "",
            "last_modified": "2023-11-11T15:17:09.142+0000",
            "layers": null,
            "memory_size": 128,
            "package_type": "Zip",
            "publish": false,
            "qualified_arn": "arn:aws:lambda:us-east-1:347693324467:function:s3_to_glue_catalogcode:$LATEST",
            "qualified_invoke_arn": "arn:aws:apigateway:us-east-1:lambda:path/2015-03-31/functions/arn:aws:lambda:us-east-1:347693324467:function:s3_to_glue_catalogcode:$LATEST/invocations",
            "replace_security_groups_on_destroy": null,
            "replacement_security_group_ids": null,
            "reserved_concurrent_executions": -1,
            "role": "arn:aws:iam::347693324467:role/s3_to_gluecatalog_lambda_role",
            "runtime": "python3.11",
            "s3_bucket": null,
            "s3_key": null,
            "s3_object_version": null,
            "signing_job_arn": "",
            "signing_profile_version_arn": "",
            "skip_destroy": false,
            "snap_start": [],
            "source_code_hash": "nVuDK7VT0xfj7t/L41SmVtDhA1YVJBGw/Ex8UHK3LWg=",
            "source_code_size": 975,
            "tags": null,
            "tags_all": {},
            "timeout": 6,
            "timeouts": null,
            "tracing_config": [
              {
                "mode": "PassThrough"
              }
            ],
            "version": "$LATEST",
            "vpc_config": []
          },
          "sensitive_attributes": [],
          "private": "eyJlMmJmYjczMC1lY2FhLTExZTYtOGY4OC0zNDM2M2JjN2M0YzAiOnsiY3JlYXRlIjo2MDAwMDAwMDAwMDAsImRlbGV0ZSI6NjAwMDAwMDAwMDAwLCJ1cGRhdGUiOjYwMDAwMDAwMDAwMH19",
          "dependencies": [
            "aws_iam_role.s3_to_gluecatalog_lambda_role",
            "data.archive_file.lambda"
          ]
        }
      ]
    },
    {
      "mode": "managed",
      "type": "aws_lambda_permission",
      "name": "allow_bucket",
      "provider": "provider[\"registry.terraform.io/hashicorp/aws\"]",
      "instances": [
        {
          "schema_version": 0,
          "attributes": {
            "action": "lambda:InvokeFunction",
            "event_source_token": null,
            "function_name": "s3_to_glue_catalogcode",
            "function_url_auth_type": null,
            "id": "AllowExecutionFromS3Bucket",
            "principal": "s3.amazonaws.com",
            "principal_org_id": null,
            "qualifier": "",
            "source_account": null,
            "source_arn": "arn:aws:s3:::cg-data-from-web-test/*",
            "statement_id": "AllowExecutionFromS3Bucket",
            "statement_id_prefix": ""
          },
          "sensitive_attributes": [],
          "private": "bnVsbA==",
          "dependencies": [
            "aws_iam_role.s3_to_gluecatalog_lambda_role",
            "aws_lambda_function.s3_to_gluecatalog",
            "aws_s3_bucket.cg-data-from-web",
            "data.archive_file.lambda"
          ]
        }
      ]
    },
    {
      "mode": "managed",
      "type": "aws_route_table",
      "name": "cg-public-subnet-route-table",
      "provider": "provider[\"registry.terraform.io/hashicorp/aws\"]",
      "instances": [
        {
          "schema_version": 0,
          "attributes": {
            "arn": "arn:aws:ec2:us-east-1:347693324467:route-table/rtb-0785f250d83cf85f5",
            "id": "rtb-0785f250d83cf85f5",
            "owner_id": "347693324467",
            "propagating_vgws": [],
            "route": [
              {
                "carrier_gateway_id": "",
                "cidr_block": "0.0.0.0/0",
                "core_network_arn": "",
                "destination_prefix_list_id": "",
                "egress_only_gateway_id": "",
                "gateway_id": "igw-02b5fae68474dbd9d",
                "ipv6_cidr_block": "",
                "local_gateway_id": "",
                "nat_gateway_id": "",
                "network_interface_id": "",
                "transit_gateway_id": "",
                "vpc_endpoint_id": "",
                "vpc_peering_connection_id": ""
              }
            ],
            "tags": {
              "Name": "CloudGoat test Route Table for Public Subnet",
              "Scenario": "Glue_Privesc",
              "Stack": "CloudGoat"
            },
            "tags_all": {
              "Name": "CloudGoat test Route Table for Public Subnet",
              "Scenario": "Glue_Privesc",
              "Stack": "CloudGoat"
            },
            "timeouts": null,
            "vpc_id": "vpc-0a04c8a95014ce86a"
          },
          "sensitive_attributes": [],
          "private": "eyJlMmJmYjczMC1lY2FhLTExZTYtOGY4OC0zNDM2M2JjN2M0YzAiOnsiY3JlYXRlIjozMDAwMDAwMDAwMDAsImRlbGV0ZSI6MzAwMDAwMDAwMDAwLCJ1cGRhdGUiOjEyMDAwMDAwMDAwMH19",
          "dependencies": [
            "aws_internet_gateway.cg-internet-gateway",
            "aws_vpc.cg-vpc"
          ]
        }
      ]
    },
    {
      "mode": "managed",
      "type": "aws_route_table_association",
      "name": "cg-public-subnet-1-route-association",
      "provider": "provider[\"registry.terraform.io/hashicorp/aws\"]",
      "instances": [
        {
          "schema_version": 0,
          "attributes": {
            "gateway_id": "",
            "id": "rtbassoc-0a227e31d42a5307e",
            "route_table_id": "rtb-0785f250d83cf85f5",
            "subnet_id": "subnet-0ee86173a905e9c1f",
            "timeouts": null
          },
          "sensitive_attributes": [],
          "private": "eyJlMmJmYjczMC1lY2FhLTExZTYtOGY4OC0zNDM2M2JjN2M0YzAiOnsiY3JlYXRlIjozMDAwMDAwMDAwMDAsImRlbGV0ZSI6MzAwMDAwMDAwMDAwLCJ1cGRhdGUiOjEyMDAwMDAwMDAwMH19",
          "dependencies": [
            "aws_internet_gateway.cg-internet-gateway",
            "aws_route_table.cg-public-subnet-route-table",
            "aws_subnet.cg-public-subnet-1",
            "aws_vpc.cg-vpc"
          ]
        }
      ]
    },
    {
      "mode": "managed",
      "type": "aws_route_table_association",
      "name": "cg-public-subnet-2-route-association",
      "provider": "provider[\"registry.terraform.io/hashicorp/aws\"]",
      "instances": [
        {
          "schema_version": 0,
          "attributes": {
            "gateway_id": "",
            "id": "rtbassoc-04a32395c41282330",
            "route_table_id": "rtb-0785f250d83cf85f5",
            "subnet_id": "subnet-0bcd6a1a7c5349df2",
            "timeouts": null
          },
          "sensitive_attributes": [],
          "private": "eyJlMmJmYjczMC1lY2FhLTExZTYtOGY4OC0zNDM2M2JjN2M0YzAiOnsiY3JlYXRlIjozMDAwMDAwMDAwMDAsImRlbGV0ZSI6MzAwMDAwMDAwMDAwLCJ1cGRhdGUiOjEyMDAwMDAwMDAwMH19",
          "dependencies": [
            "aws_internet_gateway.cg-internet-gateway",
            "aws_route_table.cg-public-subnet-route-table",
            "aws_subnet.cg-public-subnet-2",
            "aws_vpc.cg-vpc"
          ]
        }
      ]
    },
    {
      "mode": "managed",
      "type": "aws_s3_bucket",
      "name": "cg-data-from-web",
      "provider": "provider[\"registry.terraform.io/hashicorp/aws\"]",
      "instances": [
        {
          "schema_version": 0,
          "attributes": {
            "acceleration_status": "",
            "acl": null,
            "arn": "arn:aws:s3:::cg-data-from-web-test",
            "bucket": "cg-data-from-web-test",
            "bucket_domain_name": "cg-data-from-web-test.s3.amazonaws.com",
            "bucket_prefix": "",
            "bucket_regional_domain_name": "cg-data-from-web-test.s3.us-east-1.amazonaws.com",
            "cors_rule": [],
            "force_destroy": true,
            "grant": [
              {
                "id": "14c6cf01f467f434a2fe26debc4dc5ee3ec27387222e2869c6756daae0288d93",
                "permissions": [
                  "FULL_CONTROL"
                ],
                "type": "CanonicalUser",
                "uri": ""
              }
            ],
            "hosted_zone_id": "Z3AQBSTGFYJSTF",
            "id": "cg-data-from-web-test",
            "lifecycle_rule": [],
            "logging": [],
            "object_lock_configuration": [],
            "object_lock_enabled": false,
            "policy": "",
            "region": "us-east-1",
            "replication_configuration": [],
            "request_payer": "BucketOwner",
            "server_side_encryption_configuration": [
              {
                "rule": [
                  {
                    "apply_server_side_encryption_by_default": [
                      {
                        "kms_master_key_id": "",
                        "sse_algorithm": "AES256"
                      }
                    ],
                    "bucket_key_enabled": false
                  }
                ]
              }
            ],
            "tags": {
              "Description": "CloudGoat test S3 Bucket used for storing a Data",
              "Name": "cg-data-from-web-test",
              "Scenario": "Glue_Privesc",
              "Stack": "CloudGoat"
            },
            "tags_all": {
              "Description": "CloudGoat test S3 Bucket used for storing a Data",
              "Name": "cg-data-from-web-test",
              "Scenario": "Glue_Privesc",
              "Stack": "CloudGoat"
            },
            "timeouts": null,
            "versioning": [
              {
                "enabled": false,
                "mfa_delete": false
              }
            ],
            "website": [],
            "website_domain": null,
            "website_endpoint": null
          },
          "sensitive_attributes": [],
          "private": "eyJlMmJmYjczMC1lY2FhLTExZTYtOGY4OC0zNDM2M2JjN2M0YzAiOnsiY3JlYXRlIjoxMjAwMDAwMDAwMDAwLCJkZWxldGUiOjM2MDAwMDAwMDAwMDAsInJlYWQiOjEyMDAwMDAwMDAwMDAsInVwZGF0ZSI6MTIwMDAwMDAwMDAwMH19"
        }
      ]
    },
    {
      "mode": "managed",
      "type": "aws_s3_bucket",
      "name": "cg-data-s3-bucket",
      "provider": "provider[\"registry.terraform.io/hashicorp/aws\"]",
      "instances": [
        {
          "schema_version": 0,
          "attributes": {
            "acceleration_status": "",
            "acl": null,
            "arn": "arn:aws:s3:::cg-data-s3-bucket-test",
            "bucket": "cg-data-s3-bucket-test",
            "bucket_domain_name": "cg-data-s3-bucket-test.s3.amazonaws.com",
            "bucket_prefix": "",
            "bucket_regional_domain_name": "cg-data-s3-bucket-test.s3.us-east-1.amazonaws.com",
            "cors_rule": [],
            "force_destroy": true,
            "grant": [
              {
                "id": "14c6cf01f467f434a2fe26debc4dc5ee3ec27387222e2869c6756daae0288d93",
                "permissions": [
                  "FULL_CONTROL"
                ],
                "type": "CanonicalUser",
                "uri": ""
              }
            ],
            "hosted_zone_id": "Z3AQBSTGFYJSTF",
            "id": "cg-data-s3-bucket-test",
            "lifecycle_rule": [],
            "logging": [],
            "object_lock_configuration": [],
            "object_lock_enabled": false,
            "policy": "",
            "region": "us-east-1",
            "replication_configuration": [],
            "request_payer": "BucketOwner",
            "server_side_encryption_configuration": [
              {
                "rule": [
                  {
                    "apply_server_side_encryption_by_default": [
                      {
                        "kms_master_key_id": "",
                        "sse_algorithm": "AES256"
                      }
                    ],
                    "bucket_key_enabled": false
                  }
                ]
              }
            ],
            "tags": {
              "Description": "CloudGoat test S3 Bucket used for storing a Data",
              "Name": "cg-data-s3-bucket-test",
              "Scenario": "Glue_Privesc",
              "Stack": "CloudGoat"
            },
            "tags_all": {
              "Description": "CloudGoat test S3 Bucket used for storing a Data",
              "Name": "cg-data-s3-bucket-test",
              "Scenario": "Glue_Privesc",
              "Stack": "CloudGoat"
            },
            "timeouts": null,
            "versioning": [
              {
                "enabled": false,
                "mfa_delete": false
              }
            ],
            "website": [],
            "website_domain": null,
            "website_endpoint": null
          },
          "sensitive_attributes": [],
          "private": "eyJlMmJmYjczMC1lY2FhLTExZTYtOGY4OC0zNDM2M2JjN2M0YzAiOnsiY3JlYXRlIjoxMjAwMDAwMDAwMDAwLCJkZWxldGUiOjM2MDAwMDAwMDAwMDAsInJlYWQiOjEyMDAwMDAwMDAwMDAsInVwZGF0ZSI6MTIwMDAwMDAwMDAwMH19"
        }
      ]
    },
    {
      "mode": "managed",
      "type": "aws_s3_bucket_acl",
      "name": "cg-data-s3-bucket-acl",
      "provider": "provider[\"registry.terraform.io/hashicorp/aws\"]",
      "instances": [
        {
          "schema_version": 0,
          "attributes": {
            "access_control_policy": [
              {
                "grant": [
                  {
                    "grantee": [
                      {
                        "display_name": "hsp003636+2023",
                        "email_address": "",
                        "id": "14c6cf01f467f434a2fe26debc4dc5ee3ec27387222e2869c6756daae0288d93",
                        "type": "CanonicalUser",
                        "uri": ""
                      }
                    ],
                    "permission": "FULL_CONTROL"
                  }
                ],
                "owner": [
                  {
                    "display_name": "hsp003636+2023",
                    "id": "14c6cf01f467f434a2fe26debc4dc5ee3ec27387222e2869c6756daae0288d93"
                  }
                ]
              }
            ],
            "acl": "private",
            "bucket": "cg-data-s3-bucket-test",
            "expected_bucket_owner": "",
            "id": "cg-data-s3-bucket-test,private"
          },
          "sensitive_attributes": [],
          "private": "bnVsbA==",
          "dependencies": [
            "aws_s3_bucket.cg-data-s3-bucket",
            "aws_s3_bucket_ownership_controls.s3_bucket_acl_ownership"
          ]
        }
      ]
    },
    {
      "mode": "managed",
      "type": "aws_s3_bucket_ownership_controls",
      "name": "s3_bucket_acl_ownership",
      "provider": "provider[\"registry.terraform.io/hashicorp/aws\"]",
      "instances": [
        {
          "schema_version": 0,
          "attributes": {
            "bucket": "cg-data-s3-bucket-test",
            "id": "cg-data-s3-bucket-test",
            "rule": [
              {
                "object_ownership": "ObjectWriter"
              }
            ]
          },
          "sensitive_attributes": [],
          "private": "bnVsbA==",
          "dependencies": [
            "aws_s3_bucket.cg-data-s3-bucket"
          ]
        }
      ]
    },
    {
      "mode": "managed",
      "type": "aws_s3_bucket_public_access_block",
      "name": "access_block",
      "provider": "provider[\"registry.terraform.io/hashicorp/aws\"]",
      "instances": [
        {
          "schema_version": 0,
          "attributes": {
            "block_public_acls": true,
            "block_public_policy": true,
            "bucket": "cg-data-from-web-test",
            "id": "cg-data-from-web-test",
            "ignore_public_acls": false,
            "restrict_public_buckets": true
          },
          "sensitive_attributes": [],
          "private": "bnVsbA==",
          "dependencies": [
            "aws_s3_bucket.cg-data-from-web"
          ]
        }
      ]
    },
    {
      "mode": "managed",
      "type": "aws_security_group",
      "name": "cg-rds-glue-security-group",
      "provider": "provider[\"registry.terraform.io/hashicorp/aws\"]",
      "instances": [
        {
          "schema_version": 1,
          "attributes": {
            "arn": "arn:aws:ec2:us-east-1:347693324467:security-group/sg-05a521da1bed3c09f",
            "description": "CloudGoat test Security Group for EC2 Instance over HTTP",
            "egress": [
              {
                "cidr_blocks": [
                  "0.0.0.0/0"
                ],
                "description": "",
                "from_port": 0,
                "ipv6_cidr_blocks": [],
                "prefix_list_ids": [],
                "protocol": "-1",
                "security_groups": [],
                "self": false,
                "to_port": 0
              }
            ],
            "id": "sg-05a521da1bed3c09f",
            "ingress": [
              {
                "cidr_blocks": [
                  "0.0.0.0/0"
                ],
                "description": "",
                "from_port": 0,
                "ipv6_cidr_blocks": [],
                "prefix_list_ids": [],
                "protocol": "-1",
                "security_groups": [],
                "self": false,
                "to_port": 0
              }
            ],
            "name": "cg-rds-glue-test",
            "name_prefix": "",
            "owner_id": "347693324467",
            "revoke_rules_on_delete": false,
            "tags": {
              "Name": "cg-rds-glue-test",
              "Scenario": "Glue_Privesc",
              "Stack": "CloudGoat"
            },
            "tags_all": {
              "Name": "cg-rds-glue-test",
              "Scenario": "Glue_Privesc",
              "Stack": "CloudGoat"
            },
            "timeouts": null,
            "vpc_id": "vpc-0a04c8a95014ce86a"
          },
          "sensitive_attributes": [],
          "private": "eyJlMmJmYjczMC1lY2FhLTExZTYtOGY4OC0zNDM2M2JjN2M0YzAiOnsiY3JlYXRlIjo2MDAwMDAwMDAwMDAsImRlbGV0ZSI6OTAwMDAwMDAwMDAwfSwic2NoZW1hX3ZlcnNpb24iOiIxIn0=",
          "dependencies": [
            "aws_vpc.cg-vpc"
          ]
        }
      ]
    },
    {
      "mode": "managed",
      "type": "aws_ssm_parameter",
      "name": "cg-secret-string",
      "provider": "provider[\"registry.terraform.io/hashicorp/aws\"]",
      "instances": [
        {
          "schema_version": 0,
          "attributes": {
            "allowed_pattern": "",
            "arn": "arn:aws:ssm:us-east-1:347693324467:parameter/flag",
            "data_type": "text",
            "description": "this is secret-string",
            "id": "flag",
            "insecure_value": null,
            "key_id": "",
            "name": "flag",
            "overwrite": null,
            "tags": {
              "Name": "cg-secret-string-test",
              "Scenario": "Glue_Privesc",
              "Stack": "CloudGoat"
            },
            "tags_all": {
              "Name": "cg-secret-string-test",
              "Scenario": "Glue_Privesc",
              "Stack": "CloudGoat"
            },
            "tier": "Standard",
            "type": "String",
            "value": "Best-of-the-Best-12th-CGV",
            "version": 1
          },
          "sensitive_attributes": [],
          "private": "bnVsbA=="
        }
      ]
    },
    {
      "mode": "managed",
      "type": "aws_subnet",
      "name": "cg-public-subnet-1",
      "provider": "provider[\"registry.terraform.io/hashicorp/aws\"]",
      "instances": [
        {
          "schema_version": 1,
          "attributes": {
            "arn": "arn:aws:ec2:us-east-1:347693324467:subnet/subnet-0ee86173a905e9c1f",
            "assign_ipv6_address_on_creation": false,
            "availability_zone": "us-east-1a",
            "availability_zone_id": "use1-az4",
            "cidr_block": "10.10.10.0/24",
            "customer_owned_ipv4_pool": "",
            "enable_dns64": false,
            "enable_lni_at_device_index": 0,
            "enable_resource_name_dns_a_record_on_launch": false,
            "enable_resource_name_dns_aaaa_record_on_launch": false,
            "id": "subnet-0ee86173a905e9c1f",
            "ipv6_cidr_block": "",
            "ipv6_cidr_block_association_id": "",
            "ipv6_native": false,
            "map_customer_owned_ip_on_launch": false,
            "map_public_ip_on_launch": false,
            "outpost_arn": "",
            "owner_id": "347693324467",
            "private_dns_hostname_type_on_launch": "ip-name",
            "tags": {
              "Name": "CloudGoat test Public Subnet #1",
              "Scenario": "Glue_Privesc",
              "Stack": "CloudGoat"
            },
            "tags_all": {
              "Name": "CloudGoat test Public Subnet #1",
              "Scenario": "Glue_Privesc",
              "Stack": "CloudGoat"
            },
            "timeouts": null,
            "vpc_id": "vpc-0a04c8a95014ce86a"
          },
          "sensitive_attributes": [],
          "private": "eyJlMmJmYjczMC1lY2FhLTExZTYtOGY4OC0zNDM2M2JjN2M0YzAiOnsiY3JlYXRlIjo2MDAwMDAwMDAwMDAsImRlbGV0ZSI6MTIwMDAwMDAwMDAwMH0sInNjaGVtYV92ZXJzaW9uIjoiMSJ9",
          "dependencies": [
            "aws_vpc.cg-vpc"
          ]
        }
      ]
    },
    {
      "mode": "managed",
      "type": "aws_subnet",
      "name": "cg-public-subnet-2",
      "provider": "provider[\"registry.terraform.io/hashicorp/aws\"]",
      "instances": [
        {
          "schema_version": 1,
          "attributes": {
            "arn": "arn:aws:ec2:us-east-1:347693324467:subnet/subnet-0bcd6a1a7c5349df2",
            "assign_ipv6_address_on_creation": false,
            "availability_zone": "us-east-1b",
            "availability_zone_id": "use1-az6",
            "cidr_block": "10.10.20.0/24",
            "customer_owned_ipv4_pool": "",
            "enable_dns64": false,
            "enable_lni_at_device_index": 0,
            "enable_resource_name_dns_a_record_on_launch": false,
            "enable_resource_name_dns_aaaa_record_on_launch": false,
            "id": "subnet-0bcd6a1a7c5349df2",
            "ipv6_cidr_block": "",
            "ipv6_cidr_block_association_id": "",
            "ipv6_native": false,
            "map_customer_owned_ip_on_launch": false,
            "map_public_ip_on_launch": false,
            "outpost_arn": "",
            "owner_id": "347693324467",
            "private_dns_hostname_type_on_launch": "ip-name",
            "tags": {
              "Name": "CloudGoat test Public Subnet #2",
              "Scenario": "Glue_Privesc",
              "Stack": "CloudGoat"
            },
            "tags_all": {
              "Name": "CloudGoat test Public Subnet #2",
              "Scenario": "Glue_Privesc",
              "Stack": "CloudGoat"
            },
            "timeouts": null,
            "vpc_id": "vpc-0a04c8a95014ce86a"
          },
          "sensitive_attributes": [],
          "private": "eyJlMmJmYjczMC1lY2FhLTExZTYtOGY4OC0zNDM2M2JjN2M0YzAiOnsiY3JlYXRlIjo2MDAwMDAwMDAwMDAsImRlbGV0ZSI6MTIwMDAwMDAwMDAwMH0sInNjaGVtYV92ZXJzaW9uIjoiMSJ9",
          "dependencies": [
            "aws_vpc.cg-vpc"
          ]
        }
      ]
    },
    {
      "mode": "managed",
      "type": "aws_vpc",
      "name": "cg-vpc",
      "provider": "provider[\"registry.terraform.io/hashicorp/aws\"]",
      "instances": [
        {
          "schema_version": 1,
          "attributes": {
            "arn": "arn:aws:ec2:us-east-1:347693324467:vpc/vpc-0a04c8a95014ce86a",
            "assign_generated_ipv6_cidr_block": false,
            "cidr_block": "10.10.0.0/16",
            "default_network_acl_id": "acl-0a27a0dbe83a96a03",
            "default_route_table_id": "rtb-00b6036cc110a62f4",
            "default_security_group_id": "sg-0a495b3c59eb01931",
            "dhcp_options_id": "dopt-0f17322c1a6937dde",
            "enable_dns_hostnames": true,
            "enable_dns_support": true,
            "enable_network_address_usage_metrics": false,
            "id": "vpc-0a04c8a95014ce86a",
            "instance_tenancy": "default",
            "ipv4_ipam_pool_id": null,
            "ipv4_netmask_length": null,
            "ipv6_association_id": "",
            "ipv6_cidr_block": "",
            "ipv6_cidr_block_network_border_group": "",
            "ipv6_ipam_pool_id": "",
            "ipv6_netmask_length": 0,
            "main_route_table_id": "rtb-00b6036cc110a62f4",
            "owner_id": "347693324467",
            "tags": {
              "Name": "CloudGoat test VPC",
              "Scenario": "Glue_Privesc",
              "Stack": "CloudGoat"
            },
            "tags_all": {
              "Name": "CloudGoat test VPC",
              "Scenario": "Glue_Privesc",
              "Stack": "CloudGoat"
            }
          },
          "sensitive_attributes": [],
          "private": "eyJzY2hlbWFfdmVyc2lvbiI6IjEifQ=="
        }
      ]
    },
    {
      "mode": "managed",
      "type": "aws_vpc_endpoint",
      "name": "glue",
      "provider": "provider[\"registry.terraform.io/hashicorp/aws\"]",
      "instances": [
        {
          "schema_version": 0,
          "attributes": {
            "arn": "arn:aws:ec2:us-east-1:347693324467:vpc-endpoint/vpce-0780b5a7a1c507a29",
            "auto_accept": null,
            "cidr_blocks": [],
            "dns_entry": [],
            "dns_options": [
              {
                "dns_record_ip_type": "ipv4",
                "private_dns_only_for_inbound_resolver_endpoint": false
              }
            ],
            "id": "vpce-0780b5a7a1c507a29",
            "ip_address_type": "ipv4",
            "network_interface_ids": [],
            "owner_id": "347693324467",
            "policy": "{\"Statement\":[{\"Action\":\"*\",\"Effect\":\"Allow\",\"Principal\":\"*\",\"Resource\":\"*\"}]}",
            "prefix_list_id": null,
            "private_dns_enabled": false,
            "requester_managed": false,
            "route_table_ids": [],
            "security_group_ids": [
              "sg-0a495b3c59eb01931"
            ],
            "service_name": "com.amazonaws.us-east-1.glue",
            "state": "available",
            "subnet_ids": [],
            "tags": null,
            "tags_all": {},
            "timeouts": null,
            "vpc_endpoint_type": "Interface",
            "vpc_id": "vpc-0a04c8a95014ce86a"
          },
          "sensitive_attributes": [],
          "private": "eyJlMmJmYjczMC1lY2FhLTExZTYtOGY4OC0zNDM2M2JjN2M0YzAiOnsiY3JlYXRlIjo2MDAwMDAwMDAwMDAsImRlbGV0ZSI6NjAwMDAwMDAwMDAwLCJ1cGRhdGUiOjYwMDAwMDAwMDAwMH19",
          "dependencies": [
            "aws_vpc.cg-vpc"
          ]
        }
      ]
    },
    {
      "mode": "managed",
      "type": "aws_vpc_endpoint",
      "name": "s3",
      "provider": "provider[\"registry.terraform.io/hashicorp/aws\"]",
      "instances": [
        {
          "schema_version": 0,
          "attributes": {
            "arn": "arn:aws:ec2:us-east-1:347693324467:vpc-endpoint/vpce-04a59f2a76795e497",
            "auto_accept": null,
            "cidr_blocks": [
              "16.182.0.0/16",
              "18.34.0.0/19",
              "52.216.0.0/15",
              "54.231.0.0/16",
              "3.5.0.0/19",
              "18.34.232.0/21"
            ],
            "dns_entry": [],
            "dns_options": [],
            "id": "vpce-04a59f2a76795e497",
            "ip_address_type": "",
            "network_interface_ids": [],
            "owner_id": "347693324467",
            "policy": "{\"Statement\":[{\"Action\":\"*\",\"Effect\":\"Allow\",\"Principal\":\"*\",\"Resource\":\"*\"}],\"Version\":\"2008-10-17\"}",
            "prefix_list_id": "pl-63a5400a",
            "private_dns_enabled": false,
            "requester_managed": false,
            "route_table_ids": [
              "rtb-0785f250d83cf85f5"
            ],
            "security_group_ids": [],
            "service_name": "com.amazonaws.us-east-1.s3",
            "state": "available",
            "subnet_ids": [],
            "tags": null,
            "tags_all": {},
            "timeouts": null,
            "vpc_endpoint_type": "Gateway",
            "vpc_id": "vpc-0a04c8a95014ce86a"
          },
          "sensitive_attributes": [],
          "private": "eyJlMmJmYjczMC1lY2FhLTExZTYtOGY4OC0zNDM2M2JjN2M0YzAiOnsiY3JlYXRlIjo2MDAwMDAwMDAwMDAsImRlbGV0ZSI6NjAwMDAwMDAwMDAwLCJ1cGRhdGUiOjYwMDAwMDAwMDAwMH19",
          "dependencies": [
            "aws_internet_gateway.cg-internet-gateway",
            "aws_route_table.cg-public-subnet-route-table",
            "aws_vpc.cg-vpc"
          ]
        }
      ]
    },
    {
      "mode": "managed",
      "type": "local_file",
      "name": "sql_file",
      "provider": "provider[\"registry.terraform.io/hashicorp/local\"]",
      "instances": [
        {
          "schema_version": 0,
          "attributes": {
            "content": "-- SQL 파일 생성됨\r\n\r\n-- original_data 테이블 생성\r\nCREATE TABLE original_data (\r\n    order_date VARCHAR(255), -- 주문일자\r\n    item_id VARCHAR(255),\r\n    price NUMERIC,\r\n    country_code VARCHAR(50)\r\n);\r\n\r\n-- cc_data 테이블 생성\r\nCREATE TABLE cc_data (\r\n    country_code VARCHAR(255),\r\n    purchase_cnt INT, -- 구매 횟수\r\n    avg_price NUMERIC\r\n);\r\n\r\n-- 데이터 삽입\r\n%s\r\n",
            "content_base64": null,
            "content_base64sha256": "hrOOXiTIYrGEYbEJtPTawMhBvfexhCFmPAvwt0T7bLA=",
            "content_base64sha512": "QMK7inm6zURluBJ2loXduYAOoW6NXB1fwFI5VP/cSRiGZA8l5eSFp3YoLXxK4GuP+jJ5YwZ6KHnLZIMxCTwcbw==",
            "content_md5": "eff1e40db94c038946ec56b7059ad643",
            "content_sha1": "609d09dee09e4668eef41a90f89e6dced6c34d73",
            "content_sha256": "86b38e5e24c862b18461b109b4f4dac0c841bdf7b18421663c0bf0b744fb6cb0",
            "content_sha512": "40c2bb8a79bacd4465b812769685ddb9800ea16e8d5c1d5fc0523954ffdc491886640f25e5e485a776282d7c4ae06b8ffa327963067a2879cb648331093c1c6f",
            "directory_permission": "0777",
            "file_permission": "0777",
            "filename": "../assets/insert_data.sql",
            "id": "609d09dee09e4668eef41a90f89e6dced6c34d73",
            "sensitive_content": null,
            "source": null
          },
          "sensitive_attributes": [],
          "dependencies": [
            "aws_iam_access_key.cg-glue-admin_access_key",
            "aws_iam_user.cg-glue-admin",
            "data.local_file.csv_file",
            "data.template_file.sql_template"
          ]
        }
      ]
    }
  ],
  "check_results": null
}
